{
  "originHash" : "066a61463de22c4dfaabe8a73c93dfd95d1f9a2f85fa60cf7c83a9555fdc302f",
  "pins" : [
    {
      "identity" : "cloudinary_ios",
      "kind" : "remoteSourceControl",
      "location" : "https://github.com/cloudinary/cloudinary_ios.git",
      "state" : {
        "revision" : "5e709fb159fa2ffa82d8dd6e29b24656920c114b",
        "version" : "5.2.4"
      }
    },
    {
      "identity" : "sdwebimage",
      "kind" : "remoteSourceControl",
      "location" : "https://github.com/SDWebImage/SDWebImage",
      "state" : {
        "revision" : "36e79ba485e9bb4d3cd4e3318908866dac5e7b51",
        "version" : "5.21.5"
      }
    }
  ],
  "version" : 3
}
