// !$*UTF8*$!
{
	archiveVersion = 1;
	classes = {
	};
	objectVersion = 77;
	objects = {

/* Begin PBXBuildFile section */
		CBB6C39E2EF93C8100202683 /* Cloudinary in Frameworks */ = {isa = PBXBuildFile; productRef = CBB6C39D2EF93C8100202683 /* Cloudinary */; };
		CBB6C3A12EF93D0400202683 /* SDWebImage in Frameworks */ = {isa = PBXBuildFile; productRef = CBB6C3A02EF93D0400202683 /* SDWebImage */; };
		CBB6C3A32EF93D0400202683 /* SDWebImageMapKit in Frameworks */ = {isa = PBXBuildFile; productRef = CBB6C3A22EF93D0400202683 /* SDWebImageMapKit */; };
/* End PBXBuildFile section */

/* Begin PBXContainerItemProxy section */
		66A664E52EE93F06004C65ED /* PBXContainerItemProxy */ = {
			isa = PBXContainerItemProxy;
			containerPortal = 66A664C62EE93F03004C65ED /* Project object */;
			proxyType = 1;
			remoteGlobalIDString = 66A664CD2EE93F03004C65ED;
			remoteInfo = FoodHelp;
		};
		66A664EF2EE93F06004C65ED /* PBXContainerItemProxy */ = {
			isa = PBXContainerItemProxy;
			containerPortal = 66A664C62EE93F03004C65ED /* Project object */;
			proxyType = 1;
			remoteGlobalIDString = 66A664CD2EE93F03004C65ED;
			remoteInfo = FoodHelp;
		};
/* End PBXContainerItemProxy section */

/* Begin PBXFileReference section */
		66A664CE2EE93F03004C65ED /* FoodHelp.app */ = {isa = PBXFileReference; explicitFileType = wrapper.application; includeInIndex = 0; path = FoodHelp.app; sourceTree = BUILT_PRODUCTS_DIR; };
		66A664E42EE93F06004C65ED /* FoodHelpTests.xctest */ = {isa = PBXFileReference; explicitFileType = wrapper.cfbundle; includeInIndex = 0; path = FoodHelpTests.xctest; sourceTree = BUILT_PRODUCTS_DIR; };
		66A664EE2EE93F06004C65ED /* FoodHelpUITests.xctest */ = {isa = PBXFileReference; explicitFileType = wrapper.cfbundle; includeInIndex = 0; path = FoodHelpUITests.xctest; sourceTree = BUILT_PRODUCTS_DIR; };
/* End PBXFileReference section */

/* Begin PBXFileSystemSynchronizedBuildFileExceptionSet section */
		66A664F62EE93F06004C65ED /* Exceptions for "FoodHelp" folder in "FoodHelp" target */ = {
			isa = PBXFileSystemSynchronizedBuildFileExceptionSet;
			membershipExceptions = (
				Info.plist,
			);
			target = 66A664CD2EE93F03004C65ED /* FoodHelp */;
		};
/* End PBXFileSystemSynchronizedBuildFileExceptionSet section */

/* Begin PBXFileSystemSynchronizedRootGroup section */
		66A664D02EE93F03004C65ED /* FoodHelp */ = {
			isa = PBXFileSystemSynchronizedRootGroup;
			exceptions = (
				66A664F62EE93F06004C65ED /* Exceptions for "FoodHelp" folder in "FoodHelp" target */,
			);
			path = FoodHelp;
			sourceTree = "<group>";
		};
		66A664E72EE93F06004C65ED /* FoodHelpTests */ = {
			isa = PBXFileSystemSynchronizedRootGroup;
			path = FoodHelpTests;
			sourceTree = "<group>";
		};
		66A664F12EE93F06004C65ED /* FoodHelpUITests */ = {
			isa = PBXFileSystemSynchronizedRootGroup;
			path = FoodHelpUITests;
			sourceTree = "<group>";
		};
/* End PBXFileSystemSynchronizedRootGroup section */

/* Begin PBXFrameworksBuildPhase section */
		66A664CB2EE93F03004C65ED /* Frameworks */ = {
			isa = PBXFrameworksBuildPhase;
			buildActionMask = 2147483647;
			files = (
				CBB6C3A12EF93D0400202683 /* SDWebImage in Frameworks */,
				CBB6C3A32EF93D0400202683 /* SDWebImageMapKit in Frameworks */,
				CBB6C39E2EF93C8100202683 /* Cloudinary in Frameworks */,
			);
			runOnlyForDeploymentPostprocessing = 0;
		};
		66A664E12EE93F06004C65ED /* Frameworks */ = {
			isa = PBXFrameworksBuildPhase;
			buildActionMask = 2147483647;
			files = (
			);
			runOnlyForDeploymentPostprocessing = 0;
		};
		66A664EB2EE93F06004C65ED /* Frameworks */ = {
			isa = PBXFrameworksBuildPhase;
			buildActionMask = 2147483647;
			files = (
			);
			runOnlyForDeploymentPostprocessing = 0;
		};
/* End PBXFrameworksBuildPhase section */

/* Begin PBXGroup section */
		66A664C52EE93F03004C65ED = {
			isa = PBXGroup;
			children = (
				66A664D02EE93F03004C65ED /* FoodHelp */,
				66A664E72EE93F06004C65ED /* FoodHelpTests */,
				66A664F12EE93F06004C65ED /* FoodHelpUITests */,
				66A664CF2EE93F03004C65ED /* Products */,
			);
			sourceTree = "<group>";
		};
		66A664CF2EE93F03004C65ED /* Products */ = {
			isa = PBXGroup;
			children = (
				66A664CE2EE93F03004C65ED /* FoodHelp.app */,
				66A664E42EE93F06004C65ED /* FoodHelpTests.xctest */,
				66A664EE2EE93F06004C65ED /* FoodHelpUITests.xctest */,
			);
			name = Products;
			sourceTree = "<group>";
		};
/* End PBXGroup section */

/* Begin PBXNativeTarget section */
		66A664CD2EE93F03004C65ED /* FoodHelp */ = {
			isa = PBXNativeTarget;
			buildConfigurationList = 66A664F72EE93F06004C65ED /* Build configuration list for PBXNativeTarget "FoodHelp" */;
			buildPhases = (
				66A664CA2EE93F03004C65ED /* Sources */,
				66A664CB2EE93F03004C65ED /* Frameworks */,
				66A664CC2EE93F03004C65ED /* Resources */,
			);
			buildRules = (
			);
			dependencies = (
			);
			fileSystemSynchronizedGroups = (
				66A664D02EE93F03004C65ED /* FoodHelp */,
			);
			name = FoodHelp;
			packageProductDependencies = (
				CBB6C39D2EF93C8100202683 /* Cloudinary */,
				CBB6C3A02EF93D0400202683 /* SDWebImage */,
				CBB6C3A22EF93D0400202683 /* SDWebImageMapKit */,
			);
			productName = FoodHelp;
			productReference = 66A664CE2EE93F03004C65ED /* FoodHelp.app */;
			productType = "com.apple.product-type.application";
		};
		66A664E32EE93F06004C65ED /* FoodHelpTests */ = {
			isa = PBXNativeTarget;
			buildConfigurationList = 66A664FC2EE93F06004C65ED /* Build configuration list for PBXNativeTarget "FoodHelpTests" */;
			buildPhases = (
				66A664E02EE93F06004C65ED /* Sources */,
				66A664E12EE93F06004C65ED /* Frameworks */,
				66A664E22EE93F06004C65ED /* Resources */,
			);
			buildRules = (
			);
			dependencies = (
				66A664E62EE93F06004C65ED /* PBXTargetDependency */,
			);
			fileSystemSynchronizedGroups = (
				66A664E72EE93F06004C65ED /* FoodHelpTests */,
			);
			name = FoodHelpTests;
			packageProductDependencies = (
			);
			productName = FoodHelpTests;
			productReference = 66A664E42EE93F06004C65ED /* FoodHelpTests.xctest */;
			productType = "com.apple.product-type.bundle.unit-test";
		};
		66A664ED2EE93F06004C65ED /* FoodHelpUITests */ = {
			isa = PBXNativeTarget;
			buildConfigurationList = 66A664FF2EE93F06004C65ED /* Build configuration list for PBXNativeTarget "FoodHelpUITests" */;
			buildPhases = (
				66A664EA2EE93F06004C65ED /* Sources */,
				66A664EB2EE93F06004C65ED /* Frameworks */,
				66A664EC2EE93F06004C65ED /* Resources */,
			);
			buildRules = (
			);
			dependencies = (
				66A664F02EE93F06004C65ED /* PBXTargetDependency */,
			);
			fileSystemSynchronizedGroups = (
				66A664F12EE93F06004C65ED /* FoodHelpUITests */,
			);
			name = FoodHelpUITests;
			packageProductDependencies = (
			);
			productName = FoodHelpUITests;
			productReference = 66A664EE2EE93F06004C65ED /* FoodHelpUITests.xctest */;
			productType = "com.apple.product-type.bundle.ui-testing";
		};
/* End PBXNativeTarget section */

/* Begin PBXProject section */
		66A664C62EE93F03004C65ED /* Project object */ = {
			isa = PBXProject;
			attributes = {
				BuildIndependentTargetsInParallel = 1;
				LastSwiftUpdateCheck = 1640;
				LastUpgradeCheck = 1640;
				TargetAttributes = {
					66A664CD2EE93F03004C65ED = {
						CreatedOnToolsVersion = 16.4;
					};
					66A664E32EE93F06004C65ED = {
						CreatedOnToolsVersion = 16.4;
						TestTargetID = 66A664CD2EE93F03004C65ED;
					};
					66A664ED2EE93F06004C65ED = {
						CreatedOnToolsVersion = 16.4;
						TestTargetID = 66A664CD2EE93F03004C65ED;
					};
				};
			};
			buildConfigurationList = 66A664C92EE93F03004C65ED /* Build configuration list for PBXProject "FoodHelp" */;
			developmentRegion = en;
			hasScannedForEncodings = 0;
			knownRegions = (
				en,
				Base,
			);
			mainGroup = 66A664C52EE93F03004C65ED;
			minimizedProjectReferenceProxies = 1;
			packageReferences = (
				CBB6C39C2EF93BD100202683 /* XCRemoteSwiftPackageReference "cloudinary_ios" */,
				CBB6C39F2EF93D0400202683 /* XCRemoteSwiftPackageReference "sdwebimage" */,
			);
			preferredProjectObjectVersion = 77;
			productRefGroup = 66A664CF2EE93F03004C65ED /* Products */;
			projectDirPath = "";
			projectRoot = "";
			targets = (
				66A664CD2EE93F03004C65ED /* FoodHelp */,
				66A664E32EE93F06004C65ED /* FoodHelpTests */,
				66A664ED2EE93F06004C65ED /* FoodHelpUITests */,
			);
		};
/* End PBXProject section */

/* Begin PBXResourcesBuildPhase section */
		66A664CC2EE93F03004C65ED /* Resources */ = {
			isa = PBXResourcesBuildPhase;
			buildActionMask = 2147483647;
			files = (
			);
			runOnlyForDeploymentPostprocessing = 0;
		};
		66A664E22EE93F06004C65ED /* Resources */ = {
			isa = PBXResourcesBuildPhase;
			buildActionMask = 2147483647;
			files = (
			);
			runOnlyForDeploymentPostprocessing = 0;
		};
		66A664EC2EE93F06004C65ED /* Resources */ = {
			isa = PBXResourcesBuildPhase;
			buildActionMask = 2147483647;
			files = (
			);
			runOnlyForDeploymentPostprocessing = 0;
		};
/* End PBXResourcesBuildPhase section */

/* Begin PBXSourcesBuildPhase section */
		66A664CA2EE93F03004C65ED /* Sources */ = {
			isa = PBXSourcesBuildPhase;
			buildActionMask = 2147483647;
			files = (
			);
			runOnlyForDeploymentPostprocessing = 0;
		};
		66A664E02EE93F06004C65ED /* Sources */ = {
			isa = PBXSourcesBuildPhase;
			buildActionMask = 2147483647;
			files = (
			);
			runOnlyForDeploymentPostprocessing = 0;
		};
		66A664EA2EE93F06004C65ED /* Sources */ = {
			isa = PBXSourcesBuildPhase;
			buildActionMask = 2147483647;
			files = (
			);
			runOnlyForDeploymentPostprocessing = 0;
		};
/* End PBXSourcesBuildPhase section */

/* Begin PBXTargetDependency section */
		66A664E62EE93F06004C65ED /* PBXTargetDependency */ = {
			isa = PBXTargetDependency;
			target = 66A664CD2EE93F03004C65ED /* FoodHelp */;
			targetProxy = 66A664E52EE93F06004C65ED /* PBXContainerItemProxy */;
		};
		66A664F02EE93F06004C65ED /* PBXTargetDependency */ = {
			isa = PBXTargetDependency;
			target = 66A664CD2EE93F03004C65ED /* FoodHelp */;
			targetProxy = 66A664EF2EE93F06004C65ED /* PBXContainerItemProxy */;
		};
/* End PBXTargetDependency section */

/* Begin XCBuildConfiguration section */
		66A664F82EE93F06004C65ED /* Debug */ = {
			isa = XCBuildConfiguration;
			buildSettings = {
				ASSETCATALOG_COMPILER_APPICON_NAME = AppIcon;
				ASSETCATALOG_COMPILER_GLOBAL_ACCENT_COLOR_NAME = AccentColor;
				CODE_SIGN_STYLE = Automatic;
				CURRENT_PROJECT_VERSION = 1;
				GENERATE_INFOPLIST_FILE = YES;
				INFOPLIST_FILE = FoodHelp/Info.plist;
				INFOPLIST_KEY_UIApplicationSupportsIndirectInputEvents = YES;
				INFOPLIST_KEY_UILaunchStoryboardName = LaunchScreen;
				INFOPLIST_KEY_UIMainStoryboardFile = Main;
				INFOPLIST_KEY_UISupportedInterfaceOrientations_iPad = "UIInterfaceOrientationPortrait UIInterfaceOrientationPortraitUpsideDown UIInterfaceOrientationLandscapeLeft UIInterfaceOrientationLandscapeRight";
				INFOPLIST_KEY_UISupportedInterfaceOrientations_iPhone = "UIInterfaceOrientationPortrait UIInterfaceOrientationLandscapeLeft UIInterfaceOrientationLandscapeRight";
				LD_RUNPATH_SEARCH_PATHS = (
					"$(inherited)",
					"@executable_path/Frameworks",
				);
				MARKETING_VERSION = 1.0;
				PRODUCT_BUNDLE_IDENTIFIER = Bader.FoodHelp;
				PRODUCT_NAME = "$(TARGET_NAME)";
				SWIFT_EMIT_LOC_STRINGS = YES;
				SWIFT_VERSION = 5.0;
				TARGETED_DEVICE_FAMILY = "1,2";
			};
			name = Debug;
		};
		66A664F92EE93F06004C65ED /* Release */ = {
			isa = XCBuildConfiguration;
			buildSettings = {
				ASSETCATALOG_COMPILER_APPICON_NAME = AppIcon;
				ASSETCATALOG_COMPILER_GLOBAL_ACCENT_COLOR_NAME = AccentColor;
				CODE_SIGN_STYLE = Automatic;
				CURRENT_PROJECT_VERSION = 1;
				GENERATE_INFOPLIST_FILE = YES;
				INFOPLIST_FILE = FoodHelp/Info.plist;
				INFOPLIST_KEY_UIApplicationSupportsIndirectInputEvents = YES;
				INFOPLIST_KEY_UILaunchStoryboardName = LaunchScreen;
				INFOPLIST_KEY_UIMainStoryboardFile = Main;
				INFOPLIST_KEY_UISupportedInterfaceOrientations_iPad = "UIInterfaceOrientationPortrait UIInterfaceOrientationPortraitUpsideDown UIInterfaceOrientationLandscapeLeft UIInterfaceOrientationLandscapeRight";
				INFOPLIST_KEY_UISupportedInterfaceOrientations_iPhone = "UIInterfaceOrientationPortrait UIInterfaceOrientationLandscapeLeft UIInterfaceOrientationLandscapeRight";
				LD_RUNPATH_SEARCH_PATHS = (
					"$(inherited)",
					"@executable_path/Frameworks",
				);
				MARKETING_VERSION = 1.0;
				PRODUCT_BUNDLE_IDENTIFIER = Bader.FoodHelp;
				PRODUCT_NAME = "$(TARGET_NAME)";
				SWIFT_EMIT_LOC_STRINGS = YES;
				SWIFT_VERSION = 5.0;
				TARGETED_DEVICE_FAMILY = "1,2";
			};
			name = Release;
		};
		66A664FA2EE93F06004C65ED /* Debug */ = {
			isa = XCBuildConfiguration;
			buildSettings = {
				ALWAYS_SEARCH_USER_PATHS = NO;
				ASSETCATALOG_COMPILER_GENERATE_SWIFT_ASSET_SYMBOL_EXTENSIONS = YES;
				CLANG_ANALYZER_NONNULL = YES;
				CLANG_ANALYZER_NUMBER_OBJECT_CONVERSION = YES_AGGRESSIVE;
				CLANG_CXX_LANGUAGE_STANDARD = "gnu++20";
				CLANG_ENABLE_MODULES = YES;
				CLANG_ENABLE_OBJC_ARC = YES;
				CLANG_ENABLE_OBJC_WEAK = YES;
				CLANG_WARN_BLOCK_CAPTURE_AUTORELEASING = YES;
				CLANG_WARN_BOOL_CONVERSION = YES;
				CLANG_WARN_COMMA = YES;
				CLANG_WARN_CONSTANT_CONVERSION = YES;
				CLANG_WARN_DEPRECATED_OBJC_IMPLEMENTATIONS = YES;
				CLANG_WARN_DIRECT_OBJC_ISA_USAGE = YES_ERROR;
				CLANG_WARN_DOCUMENTATION_COMMENTS = YES;
				CLANG_WARN_EMPTY_BODY = YES;
				CLANG_WARN_ENUM_CONVERSION = YES;
				CLANG_WARN_INFINITE_RECURSION = YES;
				CLANG_WARN_INT_CONVERSION = YES;
				CLANG_WARN_NON_LITERAL_NULL_CONVERSION = YES;
				CLANG_WARN_OBJC_IMPLICIT_RETAIN_SELF = YES;
				CLANG_WARN_OBJC_LITERAL_CONVERSION = YES;
				CLANG_WARN_OBJC_ROOT_CLASS = YES_ERROR;
				CLANG_WARN_QUOTED_INCLUDE_IN_FRAMEWORK_HEADER = YES;
				CLANG_WARN_RANGE_LOOP_ANALYSIS = YES;
				CLANG_WARN_STRICT_PROTOTYPES = YES;
				CLANG_WARN_SUSPICIOUS_MOVE = YES;
				CLANG_WARN_UNGUARDED_AVAILABILITY = YES_AGGRESSIVE;
				CLANG_WARN_UNREACHABLE_CODE = YES;
				CLANG_WARN__DUPLICATE_METHOD_MATCH = YES;
				COPY_PHASE_STRIP = NO;
				DEBUG_INFORMATION_FORMAT = dwarf;
				ENABLE_STRICT_OBJC_MSGSEND = YES;
				ENABLE_TESTABILITY = YES;
				ENABLE_USER_SCRIPT_SANDBOXING = YES;
				GCC_C_LANGUAGE_STANDARD = gnu17;
				GCC_DYNAMIC_NO_PIC = NO;
				GCC_NO_COMMON_BLOCKS = YES;
				GCC_OPTIMIZATION_LEVEL = 0;
				GCC_PREPROCESSOR_DEFINITIONS = (
					"DEBUG=1",
					"$(inherited)",
				);
				GCC_WARN_64_TO_32_BIT_CONVERSION = YES;
				GCC_WARN_ABOUT_RETURN_TYPE = YES_ERROR;
				GCC_WARN_UNDECLARED_SELECTOR = YES;
				GCC_WARN_UNINITIALIZED_AUTOS = YES_AGGRESSIVE;
				GCC_WARN_UNUSED_FUNCTION = YES;
				GCC_WARN_UNUSED_VARIABLE = YES;
				IPHONEOS_DEPLOYMENT_TARGET = 18.5;
				LOCALIZATION_PREFERS_STRING_CATALOGS = YES;
				MTL_ENABLE_DEBUG_INFO = INCLUDE_SOURCE;
				MTL_FAST_MATH = YES;
				ONLY_ACTIVE_ARCH = YES;
				SDKROOT = iphoneos;
				SWIFT_ACTIVE_COMPILATION_CONDITIONS = "DEBUG $(inherited)";
				SWIFT_OPTIMIZATION_LEVEL = "-Onone";
			};
			name = Debug;
		};
		66A664FB2EE93F06004C65ED /* Release */ = {
			isa = XCBuildConfiguration;
			buildSettings = {
				ALWAYS_SEARCH_USER_PATHS = NO;
				ASSETCATALOG_COMPILER_GENERATE_SWIFT_ASSET_SYMBOL_EXTENSIONS = YES;
				CLANG_ANALYZER_NONNULL = YES;
				CLANG_ANALYZER_NUMBER_OBJECT_CONVERSION = YES_AGGRESSIVE;
				CLANG_CXX_LANGUAGE_STANDARD = "gnu++20";
				CLANG_ENABLE_MODULES = YES;
				CLANG_ENABLE_OBJC_ARC = YES;
				CLANG_ENABLE_OBJC_WEAK = YES;
				CLANG_WARN_BLOCK_CAPTURE_AUTORELEASING = YES;
				CLANG_WARN_BOOL_CONVERSION = YES;
				CLANG_WARN_COMMA = YES;
				CLANG_WARN_CONSTANT_CONVERSION = YES;
				CLANG_WARN_DEPRECATED_OBJC_IMPLEMENTATIONS = YES;
				CLANG_WARN_DIRECT_OBJC_ISA_USAGE = YES_ERROR;
				CLANG_WARN_DOCUMENTATION_COMMENTS = YES;
				CLANG_WARN_EMPTY_BODY = YES;
				CLANG_WARN_ENUM_CONVERSION = YES;
				CLANG_WARN_INFINITE_RECURSION = YES;
				CLANG_WARN_INT_CONVERSION = YES;
				CLANG_WARN_NON_LITERAL_NULL_CONVERSION = YES;
				CLANG_WARN_OBJC_IMPLICIT_RETAIN_SELF = YES;
				CLANG_WARN_OBJC_LITERAL_CONVERSION = YES;
				CLANG_WARN_OBJC_ROOT_CLASS = YES_ERROR;
				CLANG_WARN_QUOTED_INCLUDE_IN_FRAMEWORK_HEADER = YES;
				CLANG_WARN_RANGE_LOOP_ANALYSIS = YES;
				CLANG_WARN_STRICT_PROTOTYPES = YES;
				CLANG_WARN_SUSPICIOUS_MOVE = YES;
				CLANG_WARN_UNGUARDED_AVAILABILITY = YES_AGGRESSIVE;
				CLANG_WARN_UNREACHABLE_CODE = YES;
				CLANG_WARN__DUPLICATE_METHOD_MATCH = YES;
				COPY_PHASE_STRIP = NO;
				DEBUG_INFORMATION_FORMAT = "dwarf-with-dsym";
				ENABLE_NS_ASSERTIONS = NO;
				ENABLE_STRICT_OBJC_MSGSEND = YES;
				ENABLE_USER_SCRIPT_SANDBOXING = YES;
				GCC_C_LANGUAGE_STANDARD = gnu17;
				GCC_NO_COMMON_BLOCKS = YES;
				GCC_WARN_64_TO_32_BIT_CONVERSION = YES;
				GCC_WARN_ABOUT_RETURN_TYPE = YES_ERROR;
				GCC_WARN_UNDECLARED_SELECTOR = YES;
				GCC_WARN_UNINITIALIZED_AUTOS = YES_AGGRESSIVE;
				GCC_WARN_UNUSED_FUNCTION = YES;
				GCC_WARN_UNUSED_VARIABLE = YES;
				IPHONEOS_DEPLOYMENT_TARGET = 18.5;
				LOCALIZATION_PREFERS_STRING_CATALOGS = YES;
				MTL_ENABLE_DEBUG_INFO = NO;
				MTL_FAST_MATH = YES;
				SDKROOT = iphoneos;
				SWIFT_COMPILATION_MODE = wholemodule;
				VALIDATE_PRODUCT = YES;
			};
			name = Release;
		};
		66A664FD2EE93F06004C65ED /* Debug */ = {
			isa = XCBuildConfiguration;
			buildSettings = {
				BUNDLE_LOADER = "$(TEST_HOST)";
				CODE_SIGN_STYLE = Automatic;
				CURRENT_PROJECT_VERSION = 1;
				GENERATE_INFOPLIST_FILE = YES;
				IPHONEOS_DEPLOYMENT_TARGET = 18.5;
				MARKETING_VERSION = 1.0;
				PRODUCT_BUNDLE_IDENTIFIER = Bader.FoodHelpTests;
				PRODUCT_NAME = "$(TARGET_NAME)";
				SWIFT_EMIT_LOC_STRINGS = NO;
				SWIFT_VERSION = 5.0;
				TARGETED_DEVICE_FAMILY = "1,2";
				TEST_HOST = "$(BUILT_PRODUCTS_DIR)/FoodHelp.app/$(BUNDLE_EXECUTABLE_FOLDER_PATH)/FoodHelp";
			};
			name = Debug;
		};
		66A664FE2EE93F06004C65ED /* Release */ = {
			isa = XCBuildConfiguration;
			buildSettings = {
				BUNDLE_LOADER = "$(TEST_HOST)";
				CODE_SIGN_STYLE = Automatic;
				CURRENT_PROJECT_VERSION = 1;
				GENERATE_INFOPLIST_FILE = YES;
				IPHONEOS_DEPLOYMENT_TARGET = 18.5;
				MARKETING_VERSION = 1.0;
				PRODUCT_BUNDLE_IDENTIFIER = Bader.FoodHelpTests;
				PRODUCT_NAME = "$(TARGET_NAME)";
				SWIFT_EMIT_LOC_STRINGS = NO;
				SWIFT_VERSION = 5.0;
				TARGETED_DEVICE_FAMILY = "1,2";
				TEST_HOST = "$(BUILT_PRODUCTS_DIR)/FoodHelp.app/$(BUNDLE_EXECUTABLE_FOLDER_PATH)/FoodHelp";
			};
			name = Release;
		};
		66A665002EE93F06004C65ED /* Debug */ = {
			isa = XCBuildConfiguration;
			buildSettings = {
				CODE_SIGN_STYLE = Automatic;
				CURRENT_PROJECT_VERSION = 1;
				GENERATE_INFOPLIST_FILE = YES;
				MARKETING_VERSION = 1.0;
				PRODUCT_BUNDLE_IDENTIFIER = Bader.FoodHelpUITests;
				PRODUCT_NAME = "$(TARGET_NAME)";
				SWIFT_EMIT_LOC_STRINGS = NO;
				SWIFT_VERSION = 5.0;
				TARGETED_DEVICE_FAMILY = "1,2";
				TEST_TARGET_NAME = FoodHelp;
			};
			name = Debug;
		};
		66A665012EE93F06004C65ED /* Release */ = {
			isa = XCBuildConfiguration;
			buildSettings = {
				CODE_SIGN_STYLE = Automatic;
				CURRENT_PROJECT_VERSION = 1;
				GENERATE_INFOPLIST_FILE = YES;
				MARKETING_VERSION = 1.0;
				PRODUCT_BUNDLE_IDENTIFIER = Bader.FoodHelpUITests;
				PRODUCT_NAME = "$(TARGET_NAME)";
				SWIFT_EMIT_LOC_STRINGS = NO;
				SWIFT_VERSION = 5.0;
				TARGETED_DEVICE_FAMILY = "1,2";
				TEST_TARGET_NAME = FoodHelp;
			};
			name = Release;
		};
/* End XCBuildConfiguration section */

/* Begin XCConfigurationList section */
		66A664C92EE93F03004C65ED /* Build configuration list for PBXProject "FoodHelp" */ = {
			isa = XCConfigurationList;
			buildConfigurations = (
				66A664FA2EE93F06004C65ED /* Debug */,
				66A664FB2EE93F06004C65ED /* Release */,
			);
			defaultConfigurationIsVisible = 0;
			defaultConfigurationName = Release;
		};
		66A664F72EE93F06004C65ED /* Build configuration list for PBXNativeTarget "FoodHelp" */ = {
			isa = XCConfigurationList;
			buildConfigurations = (
				66A664F82EE93F06004C65ED /* Debug */,
				66A664F92EE93F06004C65ED /* Release */,
			);
			defaultConfigurationIsVisible = 0;
			defaultConfigurationName = Release;
		};
		66A664FC2EE93F06004C65ED /* Build configuration list for PBXNativeTarget "FoodHelpTests" */ = {
			isa = XCConfigurationList;
			buildConfigurations = (
				66A664FD2EE93F06004C65ED /* Debug */,
				66A664FE2EE93F06004C65ED /* Release */,
			);
			defaultConfigurationIsVisible = 0;
			defaultConfigurationName = Release;
		};
		66A664FF2EE93F06004C65ED /* Build configuration list for PBXNativeTarget "FoodHelpUITests" */ = {
			isa = XCConfigurationList;
			buildConfigurations = (
				66A665002EE93F06004C65ED /* Debug */,
				66A665012EE93F06004C65ED /* Release */,
			);
			defaultConfigurationIsVisible = 0;
			defaultConfigurationName = Release;
		};
/* End XCConfigurationList section */

/* Begin XCRemoteSwiftPackageReference section */
		CBB6C39C2EF93BD100202683 /* XCRemoteSwiftPackageReference "cloudinary_ios" */ = {
			isa = XCRemoteSwiftPackageReference;
			repositoryURL = "https://github.com/cloudinary/cloudinary_ios.git";
			requirement = {
				kind = upToNextMajorVersion;
				minimumVersion = 5.2.4;
			};
		};
		CBB6C39F2EF93D0400202683 /* XCRemoteSwiftPackageReference "sdwebimage" */ = {
			isa = XCRemoteSwiftPackageReference;
			repositoryURL = "https://github.com/sdwebimage/sdwebimage";
			requirement = {
				kind = upToNextMajorVersion;
				minimumVersion = 5.21.5;
			};
		};
/* End XCRemoteSwiftPackageReference section */

/* Begin XCSwiftPackageProductDependency section */
		CBB6C39D2EF93C8100202683 /* Cloudinary */ = {
			isa = XCSwiftPackageProductDependency;
			package = CBB6C39C2EF93BD100202683 /* XCRemoteSwiftPackageReference "cloudinary_ios" */;
			productName = Cloudinary;
		};
		CBB6C3A02EF93D0400202683 /* SDWebImage */ = {
			isa = XCSwiftPackageProductDependency;
			package = CBB6C39F2EF93D0400202683 /* XCRemoteSwiftPackageReference "sdwebimage" */;
			productName = SDWebImage;
		};
		CBB6C3A22EF93D0400202683 /* SDWebImageMapKit */ = {
			isa = XCSwiftPackageProductDependency;
			package = CBB6C39F2EF93D0400202683 /* XCRemoteSwiftPackageReference "sdwebimage" */;
			productName = SDWebImageMapKit;
		};
/* End XCSwiftPackageProductDependency section */
	};
	rootObject = 66A664C62EE93F03004C65ED /* Project object */;
}
