// !$*UTF8*$!
{
	archiveVersion = 1;
	classes = {
	};
	objectVersion = 77;
	objects = {

/* Begin PBXBuildFile section */
		AC44E8F42EF7D7180017BE8F /* Cloudinary in Frameworks */ = {isa = PBXBuildFile; productRef = AC44E8F32EF7D7180017BE8F /* Cloudinary */; };
		AC5FF4E92EF921BC00591BE8 /* SDWebImage in Frameworks */ = {isa = PBXBuildFile; productRef = AC5FF4E82EF921BC00591BE8 /* SDWebImage */; };
		AC5FF4EB2EF921BC00591BE8 /* SDWebImageMapKit in Frameworks */ = {isa = PBXBuildFile; productRef = AC5FF4EA2EF921BC00591BE8 /* SDWebImageMapKit */; };
		ACCE56A12EFA8509003DCA1A /* FirebaseAI in Frameworks */ = {isa = PBXBuildFile; productRef = ACCE56A02EFA8509003DCA1A /* FirebaseAI */; };
		ACCE56A32EFA8509003DCA1A /* FirebaseAILogic in Frameworks */ = {isa = PBXBuildFile; productRef = ACCE56A22EFA8509003DCA1A /* FirebaseAILogic */; };
		ACCE56A52EFA8509003DCA1A /* FirebaseAnalytics in Frameworks */ = {isa = PBXBuildFile; productRef = ACCE56A42EFA8509003DCA1A /* FirebaseAnalytics */; };
		ACCE56A72EFA8509003DCA1A /* FirebaseAnalyticsCore in Frameworks */ = {isa = PBXBuildFile; productRef = ACCE56A62EFA8509003DCA1A /* FirebaseAnalyticsCore */; };
		ACCE56A92EFA8509003DCA1A /* FirebaseAnalyticsIdentitySupport in Frameworks */ = {isa = PBXBuildFile; productRef = ACCE56A82EFA8509003DCA1A /* FirebaseAnalyticsIdentitySupport */; };
		ACCE56AB2EFA8509003DCA1A /* FirebaseAppCheck in Frameworks */ = {isa = PBXBuildFile; productRef = ACCE56AA2EFA8509003DCA1A /* FirebaseAppCheck */; };
		ACCE56AD2EFA8509003DCA1A /* FirebaseAppDistribution-Beta in Frameworks */ = {isa = PBXBuildFile; productRef = ACCE56AC2EFA8509003DCA1A /* FirebaseAppDistribution-Beta */; };
		ACCE56AF2EFA8509003DCA1A /* FirebaseAuth in Frameworks */ = {isa = PBXBuildFile; productRef = ACCE56AE2EFA8509003DCA1A /* FirebaseAuth */; };
		ACCE56B12EFA8509003DCA1A /* FirebaseAuthCombine-Community in Frameworks */ = {isa = PBXBuildFile; productRef = ACCE56B02EFA8509003DCA1A /* FirebaseAuthCombine-Community */; };
		ACCE56B32EFA8509003DCA1A /* FirebaseCore in Frameworks */ = {isa = PBXBuildFile; productRef = ACCE56B22EFA8509003DCA1A /* FirebaseCore */; };
		ACCE56B52EFA8509003DCA1A /* FirebaseCrashlytics in Frameworks */ = {isa = PBXBuildFile; productRef = ACCE56B42EFA8509003DCA1A /* FirebaseCrashlytics */; };
		ACCE56B72EFA8509003DCA1A /* FirebaseDatabase in Frameworks */ = {isa = PBXBuildFile; productRef = ACCE56B62EFA8509003DCA1A /* FirebaseDatabase */; };
		ACCE56B92EFA8509003DCA1A /* FirebaseFirestore in Frameworks */ = {isa = PBXBuildFile; productRef = ACCE56B82EFA8509003DCA1A /* FirebaseFirestore */; };
		ACCE56BB2EFA8509003DCA1A /* FirebaseFirestoreCombine-Community in Frameworks */ = {isa = PBXBuildFile; productRef = ACCE56BA2EFA8509003DCA1A /* FirebaseFirestoreCombine-Community */; };
		ACCE56BD2EFA8509003DCA1A /* FirebaseFunctions in Frameworks */ = {isa = PBXBuildFile; productRef = ACCE56BC2EFA8509003DCA1A /* FirebaseFunctions */; };
		ACCE56BF2EFA8509003DCA1A /* FirebaseFunctionsCombine-Community in Frameworks */ = {isa = PBXBuildFile; productRef = ACCE56BE2EFA8509003DCA1A /* FirebaseFunctionsCombine-Community */; };
		ACCE56C12EFA8509003DCA1A /* FirebaseInAppMessaging-Beta in Frameworks */ = {isa = PBXBuildFile; productRef = ACCE56C02EFA8509003DCA1A /* FirebaseInAppMessaging-Beta */; };
		ACCE56C32EFA8509003DCA1A /* FirebaseInstallations in Frameworks */ = {isa = PBXBuildFile; productRef = ACCE56C22EFA8509003DCA1A /* FirebaseInstallations */; };
		ACCE56C52EFA8509003DCA1A /* FirebaseMLModelDownloader in Frameworks */ = {isa = PBXBuildFile; productRef = ACCE56C42EFA8509003DCA1A /* FirebaseMLModelDownloader */; };
		ACCE56C72EFA8509003DCA1A /* FirebaseMessaging in Frameworks */ = {isa = PBXBuildFile; productRef = ACCE56C62EFA8509003DCA1A /* FirebaseMessaging */; };
		ACCE56C92EFA8509003DCA1A /* FirebasePerformance in Frameworks */ = {isa = PBXBuildFile; productRef = ACCE56C82EFA8509003DCA1A /* FirebasePerformance */; };
		ACCE56CB2EFA8509003DCA1A /* FirebaseRemoteConfig in Frameworks */ = {isa = PBXBuildFile; productRef = ACCE56CA2EFA8509003DCA1A /* FirebaseRemoteConfig */; };
		ACCE56CD2EFA8509003DCA1A /* FirebaseStorage in Frameworks */ = {isa = PBXBuildFile; productRef = ACCE56CC2EFA8509003DCA1A /* FirebaseStorage */; };
		ACCE56CF2EFA8509003DCA1A /* FirebaseStorageCombine-Community in Frameworks */ = {isa = PBXBuildFile; productRef = ACCE56CE2EFA8509003DCA1A /* FirebaseStorageCombine-Community */; };
/* End PBXBuildFile section */

/* Begin PBXFileReference section */
		E5FEB6A72EE9439300A437C5 /* Signin.app */ = {isa = PBXFileReference; explicitFileType = wrapper.application; includeInIndex = 0; path = Signin.app; sourceTree = BUILT_PRODUCTS_DIR; };
/* End PBXFileReference section */

/* Begin PBXFileSystemSynchronizedBuildFileExceptionSet section */
		E5FEB6B92EE9439500A437C5 /* Exceptions for "Signin" folder in "Signin" target */ = {
			isa = PBXFileSystemSynchronizedBuildFileExceptionSet;
			membershipExceptions = (
				Info.plist,
			);
			target = E5FEB6A62EE9439300A437C5 /* Signin */;
		};
/* End PBXFileSystemSynchronizedBuildFileExceptionSet section */

/* Begin PBXFileSystemSynchronizedRootGroup section */
		E5FEB6A92EE9439300A437C5 /* Signin */ = {
			isa = PBXFileSystemSynchronizedRootGroup;
			exceptions = (
				E5FEB6B92EE9439500A437C5 /* Exceptions for "Signin" folder in "Signin" target */,
			);
			path = Signin;
			sourceTree = "<group>";
		};
/* End PBXFileSystemSynchronizedRootGroup section */

/* Begin PBXFrameworksBuildPhase section */
		E5FEB6A42EE9439300A437C5 /* Frameworks */ = {
			isa = PBXFrameworksBuildPhase;
			buildActionMask = 2147483647;
			files = (
				ACCE56B72EFA8509003DCA1A /* FirebaseDatabase in Frameworks */,
				ACCE56A92EFA8509003DCA1A /* FirebaseAnalyticsIdentitySupport in Frameworks */,
				AC5FF4E92EF921BC00591BE8 /* SDWebImage in Frameworks */,
				ACCE56C72EFA8509003DCA1A /* FirebaseMessaging in Frameworks */,
				ACCE56BD2EFA8509003DCA1A /* FirebaseFunctions in Frameworks */,
				ACCE56A12EFA8509003DCA1A /* FirebaseAI in Frameworks */,
				ACCE56B52EFA8509003DCA1A /* FirebaseCrashlytics in Frameworks */,
				ACCE56B92EFA8509003DCA1A /* FirebaseFirestore in Frameworks */,
				ACCE56C52EFA8509003DCA1A /* FirebaseMLModelDownloader in Frameworks */,
				ACCE56A52EFA8509003DCA1A /* FirebaseAnalytics in Frameworks */,
				AC5FF4EB2EF921BC00591BE8 /* SDWebImageMapKit in Frameworks */,
				AC44E8F42EF7D7180017BE8F /* Cloudinary in Frameworks */,
				ACCE56A72EFA8509003DCA1A /* FirebaseAnalyticsCore in Frameworks */,
				ACCE56BF2EFA8509003DCA1A /* FirebaseFunctionsCombine-Community in Frameworks */,
				ACCE56C92EFA8509003DCA1A /* FirebasePerformance in Frameworks */,
				ACCE56B12EFA8509003DCA1A /* FirebaseAuthCombine-Community in Frameworks */,
				ACCE56CF2EFA8509003DCA1A /* FirebaseStorageCombine-Community in Frameworks */,
				ACCE56BB2EFA8509003DCA1A /* FirebaseFirestoreCombine-Community in Frameworks */,
				ACCE56B32EFA8509003DCA1A /* FirebaseCore in Frameworks */,
				ACCE56C32EFA8509003DCA1A /* FirebaseInstallations in Frameworks */,
				ACCE56CB2EFA8509003DCA1A /* FirebaseRemoteConfig in Frameworks */,
				ACCE56AF2EFA8509003DCA1A /* FirebaseAuth in Frameworks */,
				ACCE56CD2EFA8509003DCA1A /* FirebaseStorage in Frameworks */,
				ACCE56AD2EFA8509003DCA1A /* FirebaseAppDistribution-Beta in Frameworks */,
				ACCE56AB2EFA8509003DCA1A /* FirebaseAppCheck in Frameworks */,
				ACCE56A32EFA8509003DCA1A /* FirebaseAILogic in Frameworks */,
				ACCE56C12EFA8509003DCA1A /* FirebaseInAppMessaging-Beta in Frameworks */,
			);
			runOnlyForDeploymentPostprocessing = 0;
		};
/* End PBXFrameworksBuildPhase section */

/* Begin PBXGroup section */
		E5FEB69E2EE9439300A437C5 = {
			isa = PBXGroup;
			children = (
				E5FEB6A92EE9439300A437C5 /* Signin */,
				E5FEB6A82EE9439300A437C5 /* Products */,
			);
			sourceTree = "<group>";
		};
		E5FEB6A82EE9439300A437C5 /* Products */ = {
			isa = PBXGroup;
			children = (
				E5FEB6A72EE9439300A437C5 /* Signin.app */,
			);
			name = Products;
			sourceTree = "<group>";
		};
/* End PBXGroup section */

/* Begin PBXNativeTarget section */
		E5FEB6A62EE9439300A437C5 /* Signin */ = {
			isa = PBXNativeTarget;
			buildConfigurationList = E5FEB6BA2EE9439500A437C5 /* Build configuration list for PBXNativeTarget "Signin" */;
			buildPhases = (
				E5FEB6A32EE9439300A437C5 /* Sources */,
				E5FEB6A42EE9439300A437C5 /* Frameworks */,
				E5FEB6A52EE9439300A437C5 /* Resources */,
			);
			buildRules = (
			);
			dependencies = (
			);
			fileSystemSynchronizedGroups = (
				E5FEB6A92EE9439300A437C5 /* Signin */,
			);
			name = Signin;
			packageProductDependencies = (
				AC44E8F32EF7D7180017BE8F /* Cloudinary */,
				AC5FF4E82EF921BC00591BE8 /* SDWebImage */,
				AC5FF4EA2EF921BC00591BE8 /* SDWebImageMapKit */,
				ACCE56A02EFA8509003DCA1A /* FirebaseAI */,
				ACCE56A22EFA8509003DCA1A /* FirebaseAILogic */,
				ACCE56A42EFA8509003DCA1A /* FirebaseAnalytics */,
				ACCE56A62EFA8509003DCA1A /* FirebaseAnalyticsCore */,
				ACCE56A82EFA8509003DCA1A /* FirebaseAnalyticsIdentitySupport */,
				ACCE56AA2EFA8509003DCA1A /* FirebaseAppCheck */,
				ACCE56AC2EFA8509003DCA1A /* FirebaseAppDistribution-Beta */,
				ACCE56AE2EFA8509003DCA1A /* FirebaseAuth */,
				ACCE56B02EFA8509003DCA1A /* FirebaseAuthCombine-Community */,
				ACCE56B22EFA8509003DCA1A /* FirebaseCore */,
				ACCE56B42EFA8509003DCA1A /* FirebaseCrashlytics */,
				ACCE56B62EFA8509003DCA1A /* FirebaseDatabase */,
				ACCE56B82EFA8509003DCA1A /* FirebaseFirestore */,
				ACCE56BA2EFA8509003DCA1A /* FirebaseFirestoreCombine-Community */,
				ACCE56BC2EFA8509003DCA1A /* FirebaseFunctions */,
				ACCE56BE2EFA8509003DCA1A /* FirebaseFunctionsCombine-Community */,
				ACCE56C02EFA8509003DCA1A /* FirebaseInAppMessaging-Beta */,
				ACCE56C22EFA8509003DCA1A /* FirebaseInstallations */,
				ACCE56C42EFA8509003DCA1A /* FirebaseMLModelDownloader */,
				ACCE56C62EFA8509003DCA1A /* FirebaseMessaging */,
				ACCE56C82EFA8509003DCA1A /* FirebasePerformance */,
				ACCE56CA2EFA8509003DCA1A /* FirebaseRemoteConfig */,
				ACCE56CC2EFA8509003DCA1A /* FirebaseStorage */,
				ACCE56CE2EFA8509003DCA1A /* FirebaseStorageCombine-Community */,
			);
			productName = Signin;
			productReference = E5FEB6A72EE9439300A437C5 /* Signin.app */;
			productType = "com.apple.product-type.application";
		};
/* End PBXNativeTarget section */

/* Begin PBXProject section */
		E5FEB69F2EE9439300A437C5 /* Project object */ = {
			isa = PBXProject;
			attributes = {
				BuildIndependentTargetsInParallel = 1;
				LastSwiftUpdateCheck = 1640;
				LastUpgradeCheck = 1640;
				TargetAttributes = {
					E5FEB6A62EE9439300A437C5 = {
						CreatedOnToolsVersion = 16.4;
					};
				};
			};
			buildConfigurationList = E5FEB6A22EE9439300A437C5 /* Build configuration list for PBXProject "Signin" */;
			developmentRegion = en;
			hasScannedForEncodings = 0;
			knownRegions = (
				en,
				Base,
			);
			mainGroup = E5FEB69E2EE9439300A437C5;
			minimizedProjectReferenceProxies = 1;
			packageReferences = (
				AC44E8F22EF7D7180017BE8F /* XCRemoteSwiftPackageReference "cloudinary_ios" */,
				AC5FF4E72EF921BC00591BE8 /* XCRemoteSwiftPackageReference "SDWebImage" */,
				ACCE569F2EFA8509003DCA1A /* XCRemoteSwiftPackageReference "firebase-ios-sdk" */,
			);
			preferredProjectObjectVersion = 77;
			productRefGroup = E5FEB6A82EE9439300A437C5 /* Products */;
			projectDirPath = "";
			projectRoot = "";
			targets = (
				E5FEB6A62EE9439300A437C5 /* Signin */,
			);
		};
/* End PBXProject section */

/* Begin PBXResourcesBuildPhase section */
		E5FEB6A52EE9439300A437C5 /* Resources */ = {
			isa = PBXResourcesBuildPhase;
			buildActionMask = 2147483647;
			files = (
			);
			runOnlyForDeploymentPostprocessing = 0;
		};
/* End PBXResourcesBuildPhase section */

/* Begin PBXSourcesBuildPhase section */
		E5FEB6A32EE9439300A437C5 /* Sources */ = {
			isa = PBXSourcesBuildPhase;
			buildActionMask = 2147483647;
			files = (
			);
			runOnlyForDeploymentPostprocessing = 0;
		};
/* End PBXSourcesBuildPhase section */

/* Begin XCBuildConfiguration section */
		E5FEB6BB2EE9439500A437C5 /* Debug */ = {
			isa = XCBuildConfiguration;
			buildSettings = {
				ASSETCATALOG_COMPILER_APPICON_NAME = AppIcon;
				ASSETCATALOG_COMPILER_GLOBAL_ACCENT_COLOR_NAME = AccentColor;
				CODE_SIGN_STYLE = Automatic;
				CURRENT_PROJECT_VERSION = 1;
				GENERATE_INFOPLIST_FILE = YES;
				INFOPLIST_FILE = Signin/Info.plist;
				INFOPLIST_KEY_UIApplicationSupportsIndirectInputEvents = YES;
				INFOPLIST_KEY_UILaunchStoryboardName = LaunchScreen;
				INFOPLIST_KEY_UIMainStoryboardFile = Main;
				INFOPLIST_KEY_UISupportedInterfaceOrientations_iPad = "UIInterfaceOrientationPortrait UIInterfaceOrientationPortraitUpsideDown UIInterfaceOrientationLandscapeLeft UIInterfaceOrientationLandscapeRight";
				INFOPLIST_KEY_UISupportedInterfaceOrientations_iPhone = "UIInterfaceOrientationPortrait UIInterfaceOrientationLandscapeLeft UIInterfaceOrientationLandscapeRight";
				LD_RUNPATH_SEARCH_PATHS = (
					"$(inherited)",
					"@executable_path/Frameworks",
				);
				MARKETING_VERSION = 1.0;
				PRODUCT_BUNDLE_IDENTIFIER = "Food-app.Signin";
				PRODUCT_NAME = "$(TARGET_NAME)";
				SWIFT_EMIT_LOC_STRINGS = YES;
				SWIFT_VERSION = 5.0;
				TARGETED_DEVICE_FAMILY = "1,2";
			};
			name = Debug;
		};
		E5FEB6BC2EE9439500A437C5 /* Release */ = {
			isa = XCBuildConfiguration;
			buildSettings = {
				ASSETCATALOG_COMPILER_APPICON_NAME = AppIcon;
				ASSETCATALOG_COMPILER_GLOBAL_ACCENT_COLOR_NAME = AccentColor;
				CODE_SIGN_STYLE = Automatic;
				CURRENT_PROJECT_VERSION = 1;
				GENERATE_INFOPLIST_FILE = YES;
				INFOPLIST_FILE = Signin/Info.plist;
				INFOPLIST_KEY_UIApplicationSupportsIndirectInputEvents = YES;
				INFOPLIST_KEY_UILaunchStoryboardName = LaunchScreen;
				INFOPLIST_KEY_UIMainStoryboardFile = Main;
				INFOPLIST_KEY_UISupportedInterfaceOrientations_iPad = "UIInterfaceOrientationPortrait UIInterfaceOrientationPortraitUpsideDown UIInterfaceOrientationLandscapeLeft UIInterfaceOrientationLandscapeRight";
				INFOPLIST_KEY_UISupportedInterfaceOrientations_iPhone = "UIInterfaceOrientationPortrait UIInterfaceOrientationLandscapeLeft UIInterfaceOrientationLandscapeRight";
				LD_RUNPATH_SEARCH_PATHS = (
					"$(inherited)",
					"@executable_path/Frameworks",
				);
				MARKETING_VERSION = 1.0;
				PRODUCT_BUNDLE_IDENTIFIER = "Food-app.Signin";
				PRODUCT_NAME = "$(TARGET_NAME)";
				SWIFT_EMIT_LOC_STRINGS = YES;
				SWIFT_VERSION = 5.0;
				TARGETED_DEVICE_FAMILY = "1,2";
			};
			name = Release;
		};
		E5FEB6BD2EE9439500A437C5 /* Debug */ = {
			isa = XCBuildConfiguration;
			buildSettings = {
				ALWAYS_SEARCH_USER_PATHS = NO;
				ASSETCATALOG_COMPILER_GENERATE_SWIFT_ASSET_SYMBOL_EXTENSIONS = YES;
				CLANG_ANALYZER_NONNULL = YES;
				CLANG_ANALYZER_NUMBER_OBJECT_CONVERSION = YES_AGGRESSIVE;
				CLANG_CXX_LANGUAGE_STANDARD = "gnu++20";
				CLANG_ENABLE_MODULES = YES;
				CLANG_ENABLE_OBJC_ARC = YES;
				CLANG_ENABLE_OBJC_WEAK = YES;
				CLANG_WARN_BLOCK_CAPTURE_AUTORELEASING = YES;
				CLANG_WARN_BOOL_CONVERSION = YES;
				CLANG_WARN_COMMA = YES;
				CLANG_WARN_CONSTANT_CONVERSION = YES;
				CLANG_WARN_DEPRECATED_OBJC_IMPLEMENTATIONS = YES;
				CLANG_WARN_DIRECT_OBJC_ISA_USAGE = YES_ERROR;
				CLANG_WARN_DOCUMENTATION_COMMENTS = YES;
				CLANG_WARN_EMPTY_BODY = YES;
				CLANG_WARN_ENUM_CONVERSION = YES;
				CLANG_WARN_INFINITE_RECURSION = YES;
				CLANG_WARN_INT_CONVERSION = YES;
				CLANG_WARN_NON_LITERAL_NULL_CONVERSION = YES;
				CLANG_WARN_OBJC_IMPLICIT_RETAIN_SELF = YES;
				CLANG_WARN_OBJC_LITERAL_CONVERSION = YES;
				CLANG_WARN_OBJC_ROOT_CLASS = YES_ERROR;
				CLANG_WARN_QUOTED_INCLUDE_IN_FRAMEWORK_HEADER = YES;
				CLANG_WARN_RANGE_LOOP_ANALYSIS = YES;
				CLANG_WARN_STRICT_PROTOTYPES = YES;
				CLANG_WARN_SUSPICIOUS_MOVE = YES;
				CLANG_WARN_UNGUARDED_AVAILABILITY = YES_AGGRESSIVE;
				CLANG_WARN_UNREACHABLE_CODE = YES;
				CLANG_WARN__DUPLICATE_METHOD_MATCH = YES;
				COPY_PHASE_STRIP = NO;
				DEBUG_INFORMATION_FORMAT = dwarf;
				ENABLE_STRICT_OBJC_MSGSEND = YES;
				ENABLE_TESTABILITY = YES;
				ENABLE_USER_SCRIPT_SANDBOXING = YES;
				GCC_C_LANGUAGE_STANDARD = gnu17;
				GCC_DYNAMIC_NO_PIC = NO;
				GCC_NO_COMMON_BLOCKS = YES;
				GCC_OPTIMIZATION_LEVEL = 0;
				GCC_PREPROCESSOR_DEFINITIONS = (
					"DEBUG=1",
					"$(inherited)",
				);
				GCC_WARN_64_TO_32_BIT_CONVERSION = YES;
				GCC_WARN_ABOUT_RETURN_TYPE = YES_ERROR;
				GCC_WARN_UNDECLARED_SELECTOR = YES;
				GCC_WARN_UNINITIALIZED_AUTOS = YES_AGGRESSIVE;
				GCC_WARN_UNUSED_FUNCTION = YES;
				GCC_WARN_UNUSED_VARIABLE = YES;
				IPHONEOS_DEPLOYMENT_TARGET = 18.5;
				LOCALIZATION_PREFERS_STRING_CATALOGS = YES;
				MTL_ENABLE_DEBUG_INFO = INCLUDE_SOURCE;
				MTL_FAST_MATH = YES;
				ONLY_ACTIVE_ARCH = YES;
				SDKROOT = iphoneos;
				SWIFT_ACTIVE_COMPILATION_CONDITIONS = "DEBUG $(inherited)";
				SWIFT_OPTIMIZATION_LEVEL = "-Onone";
			};
			name = Debug;
		};
		E5FEB6BE2EE9439500A437C5 /* Release */ = {
			isa = XCBuildConfiguration;
			buildSettings = {
				ALWAYS_SEARCH_USER_PATHS = NO;
				ASSETCATALOG_COMPILER_GENERATE_SWIFT_ASSET_SYMBOL_EXTENSIONS = YES;
				CLANG_ANALYZER_NONNULL = YES;
				CLANG_ANALYZER_NUMBER_OBJECT_CONVERSION = YES_AGGRESSIVE;
				CLANG_CXX_LANGUAGE_STANDARD = "gnu++20";
				CLANG_ENABLE_MODULES = YES;
				CLANG_ENABLE_OBJC_ARC = YES;
				CLANG_ENABLE_OBJC_WEAK = YES;
				CLANG_WARN_BLOCK_CAPTURE_AUTORELEASING = YES;
				CLANG_WARN_BOOL_CONVERSION = YES;
				CLANG_WARN_COMMA = YES;
				CLANG_WARN_CONSTANT_CONVERSION = YES;
				CLANG_WARN_DEPRECATED_OBJC_IMPLEMENTATIONS = YES;
				CLANG_WARN_DIRECT_OBJC_ISA_USAGE = YES_ERROR;
				CLANG_WARN_DOCUMENTATION_COMMENTS = YES;
				CLANG_WARN_EMPTY_BODY = YES;
				CLANG_WARN_ENUM_CONVERSION = YES;
				CLANG_WARN_INFINITE_RECURSION = YES;
				CLANG_WARN_INT_CONVERSION = YES;
				CLANG_WARN_NON_LITERAL_NULL_CONVERSION = YES;
				CLANG_WARN_OBJC_IMPLICIT_RETAIN_SELF = YES;
				CLANG_WARN_OBJC_LITERAL_CONVERSION = YES;
				CLANG_WARN_OBJC_ROOT_CLASS = YES_ERROR;
				CLANG_WARN_QUOTED_INCLUDE_IN_FRAMEWORK_HEADER = YES;
				CLANG_WARN_RANGE_LOOP_ANALYSIS = YES;
				CLANG_WARN_STRICT_PROTOTYPES = YES;
				CLANG_WARN_SUSPICIOUS_MOVE = YES;
				CLANG_WARN_UNGUARDED_AVAILABILITY = YES_AGGRESSIVE;
				CLANG_WARN_UNREACHABLE_CODE = YES;
				CLANG_WARN__DUPLICATE_METHOD_MATCH = YES;
				COPY_PHASE_STRIP = NO;
				DEBUG_INFORMATION_FORMAT = "dwarf-with-dsym";
				ENABLE_NS_ASSERTIONS = NO;
				ENABLE_STRICT_OBJC_MSGSEND = YES;
				ENABLE_USER_SCRIPT_SANDBOXING = YES;
				GCC_C_LANGUAGE_STANDARD = gnu17;
				GCC_NO_COMMON_BLOCKS = YES;
				GCC_WARN_64_TO_32_BIT_CONVERSION = YES;
				GCC_WARN_ABOUT_RETURN_TYPE = YES_ERROR;
				GCC_WARN_UNDECLARED_SELECTOR = YES;
				GCC_WARN_UNINITIALIZED_AUTOS = YES_AGGRESSIVE;
				GCC_WARN_UNUSED_FUNCTION = YES;
				GCC_WARN_UNUSED_VARIABLE = YES;
				IPHONEOS_DEPLOYMENT_TARGET = 18.5;
				LOCALIZATION_PREFERS_STRING_CATALOGS = YES;
				MTL_ENABLE_DEBUG_INFO = NO;
				MTL_FAST_MATH = YES;
				SDKROOT = iphoneos;
				SWIFT_COMPILATION_MODE = wholemodule;
				VALIDATE_PRODUCT = YES;
			};
			name = Release;
		};
/* End XCBuildConfiguration section */

/* Begin XCConfigurationList section */
		E5FEB6A22EE9439300A437C5 /* Build configuration list for PBXProject "Signin" */ = {
			isa = XCConfigurationList;
			buildConfigurations = (
				E5FEB6BD2EE9439500A437C5 /* Debug */,
				E5FEB6BE2EE9439500A437C5 /* Release */,
			);
			defaultConfigurationIsVisible = 0;
			defaultConfigurationName = Release;
		};
		E5FEB6BA2EE9439500A437C5 /* Build configuration list for PBXNativeTarget "Signin" */ = {
			isa = XCConfigurationList;
			buildConfigurations = (
				E5FEB6BB2EE9439500A437C5 /* Debug */,
				E5FEB6BC2EE9439500A437C5 /* Release */,
			);
			defaultConfigurationIsVisible = 0;
			defaultConfigurationName = Release;
		};
/* End XCConfigurationList section */

/* Begin XCRemoteSwiftPackageReference section */
		AC44E8F22EF7D7180017BE8F /* XCRemoteSwiftPackageReference "cloudinary_ios" */ = {
			isa = XCRemoteSwiftPackageReference;
			repositoryURL = "https://github.com/cloudinary/cloudinary_ios.git";
			requirement = {
				kind = upToNextMajorVersion;
				minimumVersion = 5.2.4;
			};
		};
		AC5FF4E72EF921BC00591BE8 /* XCRemoteSwiftPackageReference "SDWebImage" */ = {
			isa = XCRemoteSwiftPackageReference;
			repositoryURL = "https://github.com/SDWebImage/SDWebImage";
			requirement = {
				kind = upToNextMajorVersion;
				minimumVersion = 5.21.5;
			};
		};
		ACCE569F2EFA8509003DCA1A /* XCRemoteSwiftPackageReference "firebase-ios-sdk" */ = {
			isa = XCRemoteSwiftPackageReference;
			repositoryURL = "https://github.com/firebase/firebase-ios-sdk";
			requirement = {
				kind = upToNextMajorVersion;
				minimumVersion = 12.7.0;
			};
		};
/* End XCRemoteSwiftPackageReference section */

/* Begin XCSwiftPackageProductDependency section */
		AC44E8F32EF7D7180017BE8F /* Cloudinary */ = {
			isa = XCSwiftPackageProductDependency;
			package = AC44E8F22EF7D7180017BE8F /* XCRemoteSwiftPackageReference "cloudinary_ios" */;
			productName = Cloudinary;
		};
		AC5FF4E82EF921BC00591BE8 /* SDWebImage */ = {
			isa = XCSwiftPackageProductDependency;
			package = AC5FF4E72EF921BC00591BE8 /* XCRemoteSwiftPackageReference "SDWebImage" */;
			productName = SDWebImage;
		};
		AC5FF4EA2EF921BC00591BE8 /* SDWebImageMapKit */ = {
			isa = XCSwiftPackageProductDependency;
			package = AC5FF4E72EF921BC00591BE8 /* XCRemoteSwiftPackageReference "SDWebImage" */;
			productName = SDWebImageMapKit;
		};
		ACCE56A02EFA8509003DCA1A /* FirebaseAI */ = {
			isa = XCSwiftPackageProductDependency;
			package = ACCE569F2EFA8509003DCA1A /* XCRemoteSwiftPackageReference "firebase-ios-sdk" */;
			productName = FirebaseAI;
		};
		ACCE56A22EFA8509003DCA1A /* FirebaseAILogic */ = {
			isa = XCSwiftPackageProductDependency;
			package = ACCE569F2EFA8509003DCA1A /* XCRemoteSwiftPackageReference "firebase-ios-sdk" */;
			productName = FirebaseAILogic;
		};
		ACCE56A42EFA8509003DCA1A /* FirebaseAnalytics */ = {
			isa = XCSwiftPackageProductDependency;
			package = ACCE569F2EFA8509003DCA1A /* XCRemoteSwiftPackageReference "firebase-ios-sdk" */;
			productName = FirebaseAnalytics;
		};
		ACCE56A62EFA8509003DCA1A /* FirebaseAnalyticsCore */ = {
			isa = XCSwiftPackageProductDependency;
			package = ACCE569F2EFA8509003DCA1A /* XCRemoteSwiftPackageReference "firebase-ios-sdk" */;
			productName = FirebaseAnalyticsCore;
		};
		ACCE56A82EFA8509003DCA1A /* FirebaseAnalyticsIdentitySupport */ = {
			isa = XCSwiftPackageProductDependency;
			package = ACCE569F2EFA8509003DCA1A /* XCRemoteSwiftPackageReference "firebase-ios-sdk" */;
			productName = FirebaseAnalyticsIdentitySupport;
		};
		ACCE56AA2EFA8509003DCA1A /* FirebaseAppCheck */ = {
			isa = XCSwiftPackageProductDependency;
			package = ACCE569F2EFA8509003DCA1A /* XCRemoteSwiftPackageReference "firebase-ios-sdk" */;
			productName = FirebaseAppCheck;
		};
		ACCE56AC2EFA8509003DCA1A /* FirebaseAppDistribution-Beta */ = {
			isa = XCSwiftPackageProductDependency;
			package = ACCE569F2EFA8509003DCA1A /* XCRemoteSwiftPackageReference "firebase-ios-sdk" */;
			productName = "FirebaseAppDistribution-Beta";
		};
		ACCE56AE2EFA8509003DCA1A /* FirebaseAuth */ = {
			isa = XCSwiftPackageProductDependency;
			package = ACCE569F2EFA8509003DCA1A /* XCRemoteSwiftPackageReference "firebase-ios-sdk" */;
			productName = FirebaseAuth;
		};
		ACCE56B02EFA8509003DCA1A /* FirebaseAuthCombine-Community */ = {
			isa = XCSwiftPackageProductDependency;
			package = ACCE569F2EFA8509003DCA1A /* XCRemoteSwiftPackageReference "firebase-ios-sdk" */;
			productName = "FirebaseAuthCombine-Community";
		};
		ACCE56B22EFA8509003DCA1A /* FirebaseCore */ = {
			isa = XCSwiftPackageProductDependency;
			package = ACCE569F2EFA8509003DCA1A /* XCRemoteSwiftPackageReference "firebase-ios-sdk" */;
			productName = FirebaseCore;
		};
		ACCE56B42EFA8509003DCA1A /* FirebaseCrashlytics */ = {
			isa = XCSwiftPackageProductDependency;
			package = ACCE569F2EFA8509003DCA1A /* XCRemoteSwiftPackageReference "firebase-ios-sdk" */;
			productName = FirebaseCrashlytics;
		};
		ACCE56B62EFA8509003DCA1A /* FirebaseDatabase */ = {
			isa = XCSwiftPackageProductDependency;
			package = ACCE569F2EFA8509003DCA1A /* XCRemoteSwiftPackageReference "firebase-ios-sdk" */;
			productName = FirebaseDatabase;
		};
		ACCE56B82EFA8509003DCA1A /* FirebaseFirestore */ = {
			isa = XCSwiftPackageProductDependency;
			package = ACCE569F2EFA8509003DCA1A /* XCRemoteSwiftPackageReference "firebase-ios-sdk" */;
			productName = FirebaseFirestore;
		};
		ACCE56BA2EFA8509003DCA1A /* FirebaseFirestoreCombine-Community */ = {
			isa = XCSwiftPackageProductDependency;
			package = ACCE569F2EFA8509003DCA1A /* XCRemoteSwiftPackageReference "firebase-ios-sdk" */;
			productName = "FirebaseFirestoreCombine-Community";
		};
		ACCE56BC2EFA8509003DCA1A /* FirebaseFunctions */ = {
			isa = XCSwiftPackageProductDependency;
			package = ACCE569F2EFA8509003DCA1A /* XCRemoteSwiftPackageReference "firebase-ios-sdk" */;
			productName = FirebaseFunctions;
		};
		ACCE56BE2EFA8509003DCA1A /* FirebaseFunctionsCombine-Community */ = {
			isa = XCSwiftPackageProductDependency;
			package = ACCE569F2EFA8509003DCA1A /* XCRemoteSwiftPackageReference "firebase-ios-sdk" */;
			productName = "FirebaseFunctionsCombine-Community";
		};
		ACCE56C02EFA8509003DCA1A /* FirebaseInAppMessaging-Beta */ = {
			isa = XCSwiftPackageProductDependency;
			package = ACCE569F2EFA8509003DCA1A /* XCRemoteSwiftPackageReference "firebase-ios-sdk" */;
			productName = "FirebaseInAppMessaging-Beta";
		};
		ACCE56C22EFA8509003DCA1A /* FirebaseInstallations */ = {
			isa = XCSwiftPackageProductDependency;
			package = ACCE569F2EFA8509003DCA1A /* XCRemoteSwiftPackageReference "firebase-ios-sdk" */;
			productName = FirebaseInstallations;
		};
		ACCE56C42EFA8509003DCA1A /* FirebaseMLModelDownloader */ = {
			isa = XCSwiftPackageProductDependency;
			package = ACCE569F2EFA8509003DCA1A /* XCRemoteSwiftPackageReference "firebase-ios-sdk" */;
			productName = FirebaseMLModelDownloader;
		};
		ACCE56C62EFA8509003DCA1A /* FirebaseMessaging */ = {
			isa = XCSwiftPackageProductDependency;
			package = ACCE569F2EFA8509003DCA1A /* XCRemoteSwiftPackageReference "firebase-ios-sdk" */;
			productName = FirebaseMessaging;
		};
		ACCE56C82EFA8509003DCA1A /* FirebasePerformance */ = {
			isa = XCSwiftPackageProductDependency;
			package = ACCE569F2EFA8509003DCA1A /* XCRemoteSwiftPackageReference "firebase-ios-sdk" */;
			productName = FirebasePerformance;
		};
		ACCE56CA2EFA8509003DCA1A /* FirebaseRemoteConfig */ = {
			isa = XCSwiftPackageProductDependency;
			package = ACCE569F2EFA8509003DCA1A /* XCRemoteSwiftPackageReference "firebase-ios-sdk" */;
			productName = FirebaseRemoteConfig;
		};
		ACCE56CC2EFA8509003DCA1A /* FirebaseStorage */ = {
			isa = XCSwiftPackageProductDependency;
			package = ACCE569F2EFA8509003DCA1A /* XCRemoteSwiftPackageReference "firebase-ios-sdk" */;
			productName = FirebaseStorage;
		};
		ACCE56CE2EFA8509003DCA1A /* FirebaseStorageCombine-Community */ = {
			isa = XCSwiftPackageProductDependency;
			package = ACCE569F2EFA8509003DCA1A /* XCRemoteSwiftPackageReference "firebase-ios-sdk" */;
			productName = "FirebaseStorageCombine-Community";
		};
/* End XCSwiftPackageProductDependency section */
	};
	rootObject = E5FEB69F2EE9439300A437C5 /* Project object */;
}
