// !$*UTF8*$!
{
	archiveVersion = 1;
	classes = {
	};
	objectVersion = 77;
	objects = {

/* Begin PBXBuildFile section */
		DA3A8F322F091E6900D65AC7 /* FirebaseAI in Frameworks */ = {isa = PBXBuildFile; productRef = DA3A8F312F091E6900D65AC7 /* FirebaseAI */; };
		DA3A8F342F091E6900D65AC7 /* FirebaseAILogic in Frameworks */ = {isa = PBXBuildFile; productRef = DA3A8F332F091E6900D65AC7 /* FirebaseAILogic */; };
		DA3A8F362F091E6900D65AC7 /* FirebaseAnalytics in Frameworks */ = {isa = PBXBuildFile; productRef = DA3A8F352F091E6900D65AC7 /* FirebaseAnalytics */; };
		DA3A8F382F091E6900D65AC7 /* FirebaseAnalyticsCore in Frameworks */ = {isa = PBXBuildFile; productRef = DA3A8F372F091E6900D65AC7 /* FirebaseAnalyticsCore */; };
		DA3A8F3A2F091E6900D65AC7 /* FirebaseAnalyticsIdentitySupport in Frameworks */ = {isa = PBXBuildFile; productRef = DA3A8F392F091E6900D65AC7 /* FirebaseAnalyticsIdentitySupport */; };
		DA3A8F3C2F091E6900D65AC7 /* FirebaseAppCheck in Frameworks */ = {isa = PBXBuildFile; productRef = DA3A8F3B2F091E6900D65AC7 /* FirebaseAppCheck */; };
		DA3A8F3E2F091E6900D65AC7 /* FirebaseAppDistribution-Beta in Frameworks */ = {isa = PBXBuildFile; productRef = DA3A8F3D2F091E6900D65AC7 /* FirebaseAppDistribution-Beta */; };
		DA3A8F402F091E6900D65AC7 /* FirebaseAuth in Frameworks */ = {isa = PBXBuildFile; productRef = DA3A8F3F2F091E6900D65AC7 /* FirebaseAuth */; };
		DA3A8F422F091E6900D65AC7 /* FirebaseAuthCombine-Community in Frameworks */ = {isa = PBXBuildFile; productRef = DA3A8F412F091E6900D65AC7 /* FirebaseAuthCombine-Community */; };
		DA3A8F442F091E6900D65AC7 /* FirebaseCore in Frameworks */ = {isa = PBXBuildFile; productRef = DA3A8F432F091E6900D65AC7 /* FirebaseCore */; };
		DA3A8F462F091E6900D65AC7 /* FirebaseCrashlytics in Frameworks */ = {isa = PBXBuildFile; productRef = DA3A8F452F091E6900D65AC7 /* FirebaseCrashlytics */; };
		DA3A8F482F091E6900D65AC7 /* FirebaseDatabase in Frameworks */ = {isa = PBXBuildFile; productRef = DA3A8F472F091E6900D65AC7 /* FirebaseDatabase */; };
		DA3A8F4A2F091E6900D65AC7 /* FirebaseFirestore in Frameworks */ = {isa = PBXBuildFile; productRef = DA3A8F492F091E6900D65AC7 /* FirebaseFirestore */; };
		DA3A8F4C2F091E6900D65AC7 /* FirebaseFirestoreCombine-Community in Frameworks */ = {isa = PBXBuildFile; productRef = DA3A8F4B2F091E6900D65AC7 /* FirebaseFirestoreCombine-Community */; };
		DA3A8F4E2F091E6900D65AC7 /* FirebaseFunctions in Frameworks */ = {isa = PBXBuildFile; productRef = DA3A8F4D2F091E6900D65AC7 /* FirebaseFunctions */; };
		DA3A8F502F091E6900D65AC7 /* FirebaseFunctionsCombine-Community in Frameworks */ = {isa = PBXBuildFile; productRef = DA3A8F4F2F091E6900D65AC7 /* FirebaseFunctionsCombine-Community */; };
		DA3A8F522F091E6900D65AC7 /* FirebaseInAppMessaging-Beta in Frameworks */ = {isa = PBXBuildFile; productRef = DA3A8F512F091E6900D65AC7 /* FirebaseInAppMessaging-Beta */; };
		DA3A8F542F091E6900D65AC7 /* FirebaseInstallations in Frameworks */ = {isa = PBXBuildFile; productRef = DA3A8F532F091E6900D65AC7 /* FirebaseInstallations */; };
		DA3A8F562F091E6900D65AC7 /* FirebaseMLModelDownloader in Frameworks */ = {isa = PBXBuildFile; productRef = DA3A8F552F091E6900D65AC7 /* FirebaseMLModelDownloader */; };
		DA3A8F582F091E6900D65AC7 /* FirebaseMessaging in Frameworks */ = {isa = PBXBuildFile; productRef = DA3A8F572F091E6900D65AC7 /* FirebaseMessaging */; };
		DA3A8F5A2F091E6900D65AC7 /* FirebasePerformance in Frameworks */ = {isa = PBXBuildFile; productRef = DA3A8F592F091E6900D65AC7 /* FirebasePerformance */; };
		DA3A8F5C2F091E6900D65AC7 /* FirebaseRemoteConfig in Frameworks */ = {isa = PBXBuildFile; productRef = DA3A8F5B2F091E6900D65AC7 /* FirebaseRemoteConfig */; };
		DA3A8F5E2F091E6900D65AC7 /* FirebaseStorage in Frameworks */ = {isa = PBXBuildFile; productRef = DA3A8F5D2F091E6900D65AC7 /* FirebaseStorage */; };
		DA3A8F602F091E6900D65AC7 /* FirebaseStorageCombine-Community in Frameworks */ = {isa = PBXBuildFile; productRef = DA3A8F5F2F091E6900D65AC7 /* FirebaseStorageCombine-Community */; };
		DA3A8F632F091F0F00D65AC7 /* DGCharts in Frameworks */ = {isa = PBXBuildFile; productRef = DA3A8F622F091F0F00D65AC7 /* DGCharts */; };
/* End PBXBuildFile section */

/* Begin PBXContainerItemProxy section */
		DA3A8F132F091CE600D65AC7 /* PBXContainerItemProxy */ = {
			isa = PBXContainerItemProxy;
			containerPortal = DA3A8EF42F091CE500D65AC7 /* Project object */;
			proxyType = 1;
			remoteGlobalIDString = DA3A8EFB2F091CE500D65AC7;
			remoteInfo = FoodHelp;
		};
		DA3A8F1D2F091CE600D65AC7 /* PBXContainerItemProxy */ = {
			isa = PBXContainerItemProxy;
			containerPortal = DA3A8EF42F091CE500D65AC7 /* Project object */;
			proxyType = 1;
			remoteGlobalIDString = DA3A8EFB2F091CE500D65AC7;
			remoteInfo = FoodHelp;
		};
/* End PBXContainerItemProxy section */

/* Begin PBXFileReference section */
		DA3A8EFC2F091CE500D65AC7 /* FoodHelp.app */ = {isa = PBXFileReference; explicitFileType = wrapper.application; includeInIndex = 0; path = FoodHelp.app; sourceTree = BUILT_PRODUCTS_DIR; };
		DA3A8F122F091CE600D65AC7 /* FoodHelpTests.xctest */ = {isa = PBXFileReference; explicitFileType = wrapper.cfbundle; includeInIndex = 0; path = FoodHelpTests.xctest; sourceTree = BUILT_PRODUCTS_DIR; };
		DA3A8F1C2F091CE600D65AC7 /* FoodHelpUITests.xctest */ = {isa = PBXFileReference; explicitFileType = wrapper.cfbundle; includeInIndex = 0; path = FoodHelpUITests.xctest; sourceTree = BUILT_PRODUCTS_DIR; };
/* End PBXFileReference section */

/* Begin PBXFileSystemSynchronizedBuildFileExceptionSet section */
		DA3A8F242F091CE600D65AC7 /* Exceptions for "FoodHelp" folder in "FoodHelp" target */ = {
			isa = PBXFileSystemSynchronizedBuildFileExceptionSet;
			membershipExceptions = (
				Info.plist,
			);
			target = DA3A8EFB2F091CE500D65AC7 /* FoodHelp */;
		};
		DA3A8F7C2F0920C900D65AC7 /* Exceptions for "FoodHelp" folder in "FoodHelpTests" target */ = {
			isa = PBXFileSystemSynchronizedBuildFileExceptionSet;
			membershipExceptions = (
				"GoogleService-Info.plist",
			);
			target = DA3A8F112F091CE600D65AC7 /* FoodHelpTests */;
		};
		DA3A8F7D2F0920C900D65AC7 /* Exceptions for "FoodHelp" folder in "FoodHelpUITests" target */ = {
			isa = PBXFileSystemSynchronizedBuildFileExceptionSet;
			membershipExceptions = (
				"GoogleService-Info.plist",
			);
			target = DA3A8F1B2F091CE600D65AC7 /* FoodHelpUITests */;
		};
/* End PBXFileSystemSynchronizedBuildFileExceptionSet section */

/* Begin PBXFileSystemSynchronizedRootGroup section */
		DA3A8EFE2F091CE500D65AC7 /* FoodHelp */ = {
			isa = PBXFileSystemSynchronizedRootGroup;
			exceptions = (
				DA3A8F242F091CE600D65AC7 /* Exceptions for "FoodHelp" folder in "FoodHelp" target */,
				DA3A8F7C2F0920C900D65AC7 /* Exceptions for "FoodHelp" folder in "FoodHelpTests" target */,
				DA3A8F7D2F0920C900D65AC7 /* Exceptions for "FoodHelp" folder in "FoodHelpUITests" target */,
			);
			path = FoodHelp;
			sourceTree = "<group>";
		};
		DA3A8F152F091CE600D65AC7 /* FoodHelpTests */ = {
			isa = PBXFileSystemSynchronizedRootGroup;
			path = FoodHelpTests;
			sourceTree = "<group>";
		};
		DA3A8F1F2F091CE600D65AC7 /* FoodHelpUITests */ = {
			isa = PBXFileSystemSynchronizedRootGroup;
			path = FoodHelpUITests;
			sourceTree = "<group>";
		};
/* End PBXFileSystemSynchronizedRootGroup section */

/* Begin PBXFrameworksBuildPhase section */
		DA3A8EF92F091CE500D65AC7 /* Frameworks */ = {
			isa = PBXFrameworksBuildPhase;
			buildActionMask = 2147483647;
			files = (
				DA3A8F3E2F091E6900D65AC7 /* FirebaseAppDistribution-Beta in Frameworks */,
				DA3A8F4A2F091E6900D65AC7 /* FirebaseFirestore in Frameworks */,
				DA3A8F422F091E6900D65AC7 /* FirebaseAuthCombine-Community in Frameworks */,
				DA3A8F542F091E6900D65AC7 /* FirebaseInstallations in Frameworks */,
				DA3A8F342F091E6900D65AC7 /* FirebaseAILogic in Frameworks */,
				DA3A8F3A2F091E6900D65AC7 /* FirebaseAnalyticsIdentitySupport in Frameworks */,
				DA3A8F522F091E6900D65AC7 /* FirebaseInAppMessaging-Beta in Frameworks */,
				DA3A8F632F091F0F00D65AC7 /* DGCharts in Frameworks */,
				DA3A8F322F091E6900D65AC7 /* FirebaseAI in Frameworks */,
				DA3A8F462F091E6900D65AC7 /* FirebaseCrashlytics in Frameworks */,
				DA3A8F502F091E6900D65AC7 /* FirebaseFunctionsCombine-Community in Frameworks */,
				DA3A8F602F091E6900D65AC7 /* FirebaseStorageCombine-Community in Frameworks */,
				DA3A8F482F091E6900D65AC7 /* FirebaseDatabase in Frameworks */,
				DA3A8F5E2F091E6900D65AC7 /* FirebaseStorage in Frameworks */,
				DA3A8F5C2F091E6900D65AC7 /* FirebaseRemoteConfig in Frameworks */,
				DA3A8F362F091E6900D65AC7 /* FirebaseAnalytics in Frameworks */,
				DA3A8F582F091E6900D65AC7 /* FirebaseMessaging in Frameworks */,
				DA3A8F562F091E6900D65AC7 /* FirebaseMLModelDownloader in Frameworks */,
				DA3A8F5A2F091E6900D65AC7 /* FirebasePerformance in Frameworks */,
				DA3A8F442F091E6900D65AC7 /* FirebaseCore in Frameworks */,
				DA3A8F3C2F091E6900D65AC7 /* FirebaseAppCheck in Frameworks */,
				DA3A8F382F091E6900D65AC7 /* FirebaseAnalyticsCore in Frameworks */,
				DA3A8F4E2F091E6900D65AC7 /* FirebaseFunctions in Frameworks */,
				DA3A8F402F091E6900D65AC7 /* FirebaseAuth in Frameworks */,
				DA3A8F4C2F091E6900D65AC7 /* FirebaseFirestoreCombine-Community in Frameworks */,
			);
			runOnlyForDeploymentPostprocessing = 0;
		};
		DA3A8F0F2F091CE600D65AC7 /* Frameworks */ = {
			isa = PBXFrameworksBuildPhase;
			buildActionMask = 2147483647;
			files = (
			);
			runOnlyForDeploymentPostprocessing = 0;
		};
		DA3A8F192F091CE600D65AC7 /* Frameworks */ = {
			isa = PBXFrameworksBuildPhase;
			buildActionMask = 2147483647;
			files = (
			);
			runOnlyForDeploymentPostprocessing = 0;
		};
/* End PBXFrameworksBuildPhase section */

/* Begin PBXGroup section */
		DA3A8EF32F091CE500D65AC7 = {
			isa = PBXGroup;
			children = (
				DA3A8EFE2F091CE500D65AC7 /* FoodHelp */,
				DA3A8F152F091CE600D65AC7 /* FoodHelpTests */,
				DA3A8F1F2F091CE600D65AC7 /* FoodHelpUITests */,
				DA3A8EFD2F091CE500D65AC7 /* Products */,
			);
			sourceTree = "<group>";
		};
		DA3A8EFD2F091CE500D65AC7 /* Products */ = {
			isa = PBXGroup;
			children = (
				DA3A8EFC2F091CE500D65AC7 /* FoodHelp.app */,
				DA3A8F122F091CE600D65AC7 /* FoodHelpTests.xctest */,
				DA3A8F1C2F091CE600D65AC7 /* FoodHelpUITests.xctest */,
			);
			name = Products;
			sourceTree = "<group>";
		};
/* End PBXGroup section */

/* Begin PBXNativeTarget section */
		DA3A8EFB2F091CE500D65AC7 /* FoodHelp */ = {
			isa = PBXNativeTarget;
			buildConfigurationList = DA3A8F252F091CE600D65AC7 /* Build configuration list for PBXNativeTarget "FoodHelp" */;
			buildPhases = (
				DA3A8EF82F091CE500D65AC7 /* Sources */,
				DA3A8EF92F091CE500D65AC7 /* Frameworks */,
				DA3A8EFA2F091CE500D65AC7 /* Resources */,
			);
			buildRules = (
			);
			dependencies = (
			);
			fileSystemSynchronizedGroups = (
				DA3A8EFE2F091CE500D65AC7 /* FoodHelp */,
			);
			name = FoodHelp;
			packageProductDependencies = (
				DA3A8F312F091E6900D65AC7 /* FirebaseAI */,
				DA3A8F332F091E6900D65AC7 /* FirebaseAILogic */,
				DA3A8F352F091E6900D65AC7 /* FirebaseAnalytics */,
				DA3A8F372F091E6900D65AC7 /* FirebaseAnalyticsCore */,
				DA3A8F392F091E6900D65AC7 /* FirebaseAnalyticsIdentitySupport */,
				DA3A8F3B2F091E6900D65AC7 /* FirebaseAppCheck */,
				DA3A8F3D2F091E6900D65AC7 /* FirebaseAppDistribution-Beta */,
				DA3A8F3F2F091E6900D65AC7 /* FirebaseAuth */,
				DA3A8F412F091E6900D65AC7 /* FirebaseAuthCombine-Community */,
				DA3A8F432F091E6900D65AC7 /* FirebaseCore */,
				DA3A8F452F091E6900D65AC7 /* FirebaseCrashlytics */,
				DA3A8F472F091E6900D65AC7 /* FirebaseDatabase */,
				DA3A8F492F091E6900D65AC7 /* FirebaseFirestore */,
				DA3A8F4B2F091E6900D65AC7 /* FirebaseFirestoreCombine-Community */,
				DA3A8F4D2F091E6900D65AC7 /* FirebaseFunctions */,
				DA3A8F4F2F091E6900D65AC7 /* FirebaseFunctionsCombine-Community */,
				DA3A8F512F091E6900D65AC7 /* FirebaseInAppMessaging-Beta */,
				DA3A8F532F091E6900D65AC7 /* FirebaseInstallations */,
				DA3A8F552F091E6900D65AC7 /* FirebaseMLModelDownloader */,
				DA3A8F572F091E6900D65AC7 /* FirebaseMessaging */,
				DA3A8F592F091E6900D65AC7 /* FirebasePerformance */,
				DA3A8F5B2F091E6900D65AC7 /* FirebaseRemoteConfig */,
				DA3A8F5D2F091E6900D65AC7 /* FirebaseStorage */,
				DA3A8F5F2F091E6900D65AC7 /* FirebaseStorageCombine-Community */,
				DA3A8F622F091F0F00D65AC7 /* DGCharts */,
			);
			productName = FoodHelp;
			productReference = DA3A8EFC2F091CE500D65AC7 /* FoodHelp.app */;
			productType = "com.apple.product-type.application";
		};
		DA3A8F112F091CE600D65AC7 /* FoodHelpTests */ = {
			isa = PBXNativeTarget;
			buildConfigurationList = DA3A8F2A2F091CE600D65AC7 /* Build configuration list for PBXNativeTarget "FoodHelpTests" */;
			buildPhases = (
				DA3A8F0E2F091CE600D65AC7 /* Sources */,
				DA3A8F0F2F091CE600D65AC7 /* Frameworks */,
				DA3A8F102F091CE600D65AC7 /* Resources */,
			);
			buildRules = (
			);
			dependencies = (
				DA3A8F142F091CE600D65AC7 /* PBXTargetDependency */,
			);
			fileSystemSynchronizedGroups = (
				DA3A8F152F091CE600D65AC7 /* FoodHelpTests */,
			);
			name = FoodHelpTests;
			packageProductDependencies = (
			);
			productName = FoodHelpTests;
			productReference = DA3A8F122F091CE600D65AC7 /* FoodHelpTests.xctest */;
			productType = "com.apple.product-type.bundle.unit-test";
		};
		DA3A8F1B2F091CE600D65AC7 /* FoodHelpUITests */ = {
			isa = PBXNativeTarget;
			buildConfigurationList = DA3A8F2D2F091CE600D65AC7 /* Build configuration list for PBXNativeTarget "FoodHelpUITests" */;
			buildPhases = (
				DA3A8F182F091CE600D65AC7 /* Sources */,
				DA3A8F192F091CE600D65AC7 /* Frameworks */,
				DA3A8F1A2F091CE600D65AC7 /* Resources */,
			);
			buildRules = (
			);
			dependencies = (
				DA3A8F1E2F091CE600D65AC7 /* PBXTargetDependency */,
			);
			fileSystemSynchronizedGroups = (
				DA3A8F1F2F091CE600D65AC7 /* FoodHelpUITests */,
			);
			name = FoodHelpUITests;
			packageProductDependencies = (
			);
			productName = FoodHelpUITests;
			productReference = DA3A8F1C2F091CE600D65AC7 /* FoodHelpUITests.xctest */;
			productType = "com.apple.product-type.bundle.ui-testing";
		};
/* End PBXNativeTarget section */

/* Begin PBXProject section */
		DA3A8EF42F091CE500D65AC7 /* Project object */ = {
			isa = PBXProject;
			attributes = {
				BuildIndependentTargetsInParallel = 1;
				LastSwiftUpdateCheck = 1640;
				LastUpgradeCheck = 1640;
				TargetAttributes = {
					DA3A8EFB2F091CE500D65AC7 = {
						CreatedOnToolsVersion = 16.4;
						LastSwiftMigration = 1640;
					};
					DA3A8F112F091CE600D65AC7 = {
						CreatedOnToolsVersion = 16.4;
						TestTargetID = DA3A8EFB2F091CE500D65AC7;
					};
					DA3A8F1B2F091CE600D65AC7 = {
						CreatedOnToolsVersion = 16.4;
						TestTargetID = DA3A8EFB2F091CE500D65AC7;
					};
				};
			};
			buildConfigurationList = DA3A8EF72F091CE500D65AC7 /* Build configuration list for PBXProject "FoodHelp" */;
			developmentRegion = en;
			hasScannedForEncodings = 0;
			knownRegions = (
				en,
				Base,
			);
			mainGroup = DA3A8EF32F091CE500D65AC7;
			minimizedProjectReferenceProxies = 1;
			packageReferences = (
				DA3A8F302F091E6900D65AC7 /* XCRemoteSwiftPackageReference "firebase-ios-sdk" */,
				DA3A8F612F091F0F00D65AC7 /* XCRemoteSwiftPackageReference "Charts" */,
			);
			preferredProjectObjectVersion = 77;
			productRefGroup = DA3A8EFD2F091CE500D65AC7 /* Products */;
			projectDirPath = "";
			projectRoot = "";
			targets = (
				DA3A8EFB2F091CE500D65AC7 /* FoodHelp */,
				DA3A8F112F091CE600D65AC7 /* FoodHelpTests */,
				DA3A8F1B2F091CE600D65AC7 /* FoodHelpUITests */,
			);
		};
/* End PBXProject section */

/* Begin PBXResourcesBuildPhase section */
		DA3A8EFA2F091CE500D65AC7 /* Resources */ = {
			isa = PBXResourcesBuildPhase;
			buildActionMask = 2147483647;
			files = (
			);
			runOnlyForDeploymentPostprocessing = 0;
		};
		DA3A8F102F091CE600D65AC7 /* Resources */ = {
			isa = PBXResourcesBuildPhase;
			buildActionMask = 2147483647;
			files = (
			);
			runOnlyForDeploymentPostprocessing = 0;
		};
		DA3A8F1A2F091CE600D65AC7 /* Resources */ = {
			isa = PBXResourcesBuildPhase;
			buildActionMask = 2147483647;
			files = (
			);
			runOnlyForDeploymentPostprocessing = 0;
		};
/* End PBXResourcesBuildPhase section */

/* Begin PBXSourcesBuildPhase section */
		DA3A8EF82F091CE500D65AC7 /* Sources */ = {
			isa = PBXSourcesBuildPhase;
			buildActionMask = 2147483647;
			files = (
			);
			runOnlyForDeploymentPostprocessing = 0;
		};
		DA3A8F0E2F091CE600D65AC7 /* Sources */ = {
			isa = PBXSourcesBuildPhase;
			buildActionMask = 2147483647;
			files = (
			);
			runOnlyForDeploymentPostprocessing = 0;
		};
		DA3A8F182F091CE600D65AC7 /* Sources */ = {
			isa = PBXSourcesBuildPhase;
			buildActionMask = 2147483647;
			files = (
			);
			runOnlyForDeploymentPostprocessing = 0;
		};
/* End PBXSourcesBuildPhase section */

/* Begin PBXTargetDependency section */
		DA3A8F142F091CE600D65AC7 /* PBXTargetDependency */ = {
			isa = PBXTargetDependency;
			target = DA3A8EFB2F091CE500D65AC7 /* FoodHelp */;
			targetProxy = DA3A8F132F091CE600D65AC7 /* PBXContainerItemProxy */;
		};
		DA3A8F1E2F091CE600D65AC7 /* PBXTargetDependency */ = {
			isa = PBXTargetDependency;
			target = DA3A8EFB2F091CE500D65AC7 /* FoodHelp */;
			targetProxy = DA3A8F1D2F091CE600D65AC7 /* PBXContainerItemProxy */;
		};
/* End PBXTargetDependency section */

/* Begin XCBuildConfiguration section */
		DA3A8F262F091CE600D65AC7 /* Debug */ = {
			isa = XCBuildConfiguration;
			buildSettings = {
				ASSETCATALOG_COMPILER_APPICON_NAME = AppIcon;
				ASSETCATALOG_COMPILER_GLOBAL_ACCENT_COLOR_NAME = AccentColor;
				CLANG_ENABLE_MODULES = YES;
				CODE_SIGN_STYLE = Automatic;
				CURRENT_PROJECT_VERSION = 1;
				GENERATE_INFOPLIST_FILE = YES;
				INFOPLIST_FILE = FoodHelp/Info.plist;
				INFOPLIST_KEY_UIApplicationSupportsIndirectInputEvents = YES;
				INFOPLIST_KEY_UILaunchStoryboardName = LaunchScreen;
				INFOPLIST_KEY_UIMainStoryboardFile = Main;
				INFOPLIST_KEY_UISupportedInterfaceOrientations_iPad = "UIInterfaceOrientationPortrait UIInterfaceOrientationPortraitUpsideDown UIInterfaceOrientationLandscapeLeft UIInterfaceOrientationLandscapeRight";
				INFOPLIST_KEY_UISupportedInterfaceOrientations_iPhone = "UIInterfaceOrientationPortrait UIInterfaceOrientationLandscapeLeft UIInterfaceOrientationLandscapeRight";
				LD_RUNPATH_SEARCH_PATHS = (
					"$(inherited)",
					"@executable_path/Frameworks",
				);
				MARKETING_VERSION = 1.0;
				PRODUCT_BUNDLE_IDENTIFIER = App.FoodHelp;
				PRODUCT_NAME = "$(TARGET_NAME)";
				SWIFT_EMIT_LOC_STRINGS = YES;
				SWIFT_OPTIMIZATION_LEVEL = "-Onone";
				SWIFT_VERSION = 5.0;
				TARGETED_DEVICE_FAMILY = "1,2";
			};
			name = Debug;
		};
		DA3A8F272F091CE600D65AC7 /* Release */ = {
			isa = XCBuildConfiguration;
			buildSettings = {
				ASSETCATALOG_COMPILER_APPICON_NAME = AppIcon;
				ASSETCATALOG_COMPILER_GLOBAL_ACCENT_COLOR_NAME = AccentColor;
				CLANG_ENABLE_MODULES = YES;
				CODE_SIGN_STYLE = Automatic;
				CURRENT_PROJECT_VERSION = 1;
				GENERATE_INFOPLIST_FILE = YES;
				INFOPLIST_FILE = FoodHelp/Info.plist;
				INFOPLIST_KEY_UIApplicationSupportsIndirectInputEvents = YES;
				INFOPLIST_KEY_UILaunchStoryboardName = LaunchScreen;
				INFOPLIST_KEY_UIMainStoryboardFile = Main;
				INFOPLIST_KEY_UISupportedInterfaceOrientations_iPad = "UIInterfaceOrientationPortrait UIInterfaceOrientationPortraitUpsideDown UIInterfaceOrientationLandscapeLeft UIInterfaceOrientationLandscapeRight";
				INFOPLIST_KEY_UISupportedInterfaceOrientations_iPhone = "UIInterfaceOrientationPortrait UIInterfaceOrientationLandscapeLeft UIInterfaceOrientationLandscapeRight";
				LD_RUNPATH_SEARCH_PATHS = (
					"$(inherited)",
					"@executable_path/Frameworks",
				);
				MARKETING_VERSION = 1.0;
				PRODUCT_BUNDLE_IDENTIFIER = App.FoodHelp;
				PRODUCT_NAME = "$(TARGET_NAME)";
				SWIFT_EMIT_LOC_STRINGS = YES;
				SWIFT_VERSION = 5.0;
				TARGETED_DEVICE_FAMILY = "1,2";
			};
			name = Release;
		};
		DA3A8F282F091CE600D65AC7 /* Debug */ = {
			isa = XCBuildConfiguration;
			buildSettings = {
				ALWAYS_SEARCH_USER_PATHS = NO;
				ASSETCATALOG_COMPILER_GENERATE_SWIFT_ASSET_SYMBOL_EXTENSIONS = YES;
				CLANG_ANALYZER_NONNULL = YES;
				CLANG_ANALYZER_NUMBER_OBJECT_CONVERSION = YES_AGGRESSIVE;
				CLANG_CXX_LANGUAGE_STANDARD = "gnu++20";
				CLANG_ENABLE_MODULES = YES;
				CLANG_ENABLE_OBJC_ARC = YES;
				CLANG_ENABLE_OBJC_WEAK = YES;
				CLANG_WARN_BLOCK_CAPTURE_AUTORELEASING = YES;
				CLANG_WARN_BOOL_CONVERSION = YES;
				CLANG_WARN_COMMA = YES;
				CLANG_WARN_CONSTANT_CONVERSION = YES;
				CLANG_WARN_DEPRECATED_OBJC_IMPLEMENTATIONS = YES;
				CLANG_WARN_DIRECT_OBJC_ISA_USAGE = YES_ERROR;
				CLANG_WARN_DOCUMENTATION_COMMENTS = YES;
				CLANG_WARN_EMPTY_BODY = YES;
				CLANG_WARN_ENUM_CONVERSION = YES;
				CLANG_WARN_INFINITE_RECURSION = YES;
				CLANG_WARN_INT_CONVERSION = YES;
				CLANG_WARN_NON_LITERAL_NULL_CONVERSION = YES;
				CLANG_WARN_OBJC_IMPLICIT_RETAIN_SELF = YES;
				CLANG_WARN_OBJC_LITERAL_CONVERSION = YES;
				CLANG_WARN_OBJC_ROOT_CLASS = YES_ERROR;
				CLANG_WARN_QUOTED_INCLUDE_IN_FRAMEWORK_HEADER = YES;
				CLANG_WARN_RANGE_LOOP_ANALYSIS = YES;
				CLANG_WARN_STRICT_PROTOTYPES = YES;
				CLANG_WARN_SUSPICIOUS_MOVE = YES;
				CLANG_WARN_UNGUARDED_AVAILABILITY = YES_AGGRESSIVE;
				CLANG_WARN_UNREACHABLE_CODE = YES;
				CLANG_WARN__DUPLICATE_METHOD_MATCH = YES;
				COPY_PHASE_STRIP = NO;
				DEBUG_INFORMATION_FORMAT = dwarf;
				ENABLE_STRICT_OBJC_MSGSEND = YES;
				ENABLE_TESTABILITY = YES;
				ENABLE_USER_SCRIPT_SANDBOXING = YES;
				GCC_C_LANGUAGE_STANDARD = gnu17;
				GCC_DYNAMIC_NO_PIC = NO;
				GCC_NO_COMMON_BLOCKS = YES;
				GCC_OPTIMIZATION_LEVEL = 0;
				GCC_PREPROCESSOR_DEFINITIONS = (
					"DEBUG=1",
					"$(inherited)",
				);
				GCC_WARN_64_TO_32_BIT_CONVERSION = YES;
				GCC_WARN_ABOUT_RETURN_TYPE = YES_ERROR;
				GCC_WARN_UNDECLARED_SELECTOR = YES;
				GCC_WARN_UNINITIALIZED_AUTOS = YES_AGGRESSIVE;
				GCC_WARN_UNUSED_FUNCTION = YES;
				GCC_WARN_UNUSED_VARIABLE = YES;
				IPHONEOS_DEPLOYMENT_TARGET = 18.5;
				LOCALIZATION_PREFERS_STRING_CATALOGS = YES;
				MTL_ENABLE_DEBUG_INFO = INCLUDE_SOURCE;
				MTL_FAST_MATH = YES;
				ONLY_ACTIVE_ARCH = YES;
				SDKROOT = iphoneos;
				SWIFT_ACTIVE_COMPILATION_CONDITIONS = "DEBUG $(inherited)";
				SWIFT_OPTIMIZATION_LEVEL = "-Onone";
			};
			name = Debug;
		};
		DA3A8F292F091CE600D65AC7 /* Release */ = {
			isa = XCBuildConfiguration;
			buildSettings = {
				ALWAYS_SEARCH_USER_PATHS = NO;
				ASSETCATALOG_COMPILER_GENERATE_SWIFT_ASSET_SYMBOL_EXTENSIONS = YES;
				CLANG_ANALYZER_NONNULL = YES;
				CLANG_ANALYZER_NUMBER_OBJECT_CONVERSION = YES_AGGRESSIVE;
				CLANG_CXX_LANGUAGE_STANDARD = "gnu++20";
				CLANG_ENABLE_MODULES = YES;
				CLANG_ENABLE_OBJC_ARC = YES;
				CLANG_ENABLE_OBJC_WEAK = YES;
				CLANG_WARN_BLOCK_CAPTURE_AUTORELEASING = YES;
				CLANG_WARN_BOOL_CONVERSION = YES;
				CLANG_WARN_COMMA = YES;
				CLANG_WARN_CONSTANT_CONVERSION = YES;
				CLANG_WARN_DEPRECATED_OBJC_IMPLEMENTATIONS = YES;
				CLANG_WARN_DIRECT_OBJC_ISA_USAGE = YES_ERROR;
				CLANG_WARN_DOCUMENTATION_COMMENTS = YES;
				CLANG_WARN_EMPTY_BODY = YES;
				CLANG_WARN_ENUM_CONVERSION = YES;
				CLANG_WARN_INFINITE_RECURSION = YES;
				CLANG_WARN_INT_CONVERSION = YES;
				CLANG_WARN_NON_LITERAL_NULL_CONVERSION = YES;
				CLANG_WARN_OBJC_IMPLICIT_RETAIN_SELF = YES;
				CLANG_WARN_OBJC_LITERAL_CONVERSION = YES;
				CLANG_WARN_OBJC_ROOT_CLASS = YES_ERROR;
				CLANG_WARN_QUOTED_INCLUDE_IN_FRAMEWORK_HEADER = YES;
				CLANG_WARN_RANGE_LOOP_ANALYSIS = YES;
				CLANG_WARN_STRICT_PROTOTYPES = YES;
				CLANG_WARN_SUSPICIOUS_MOVE = YES;
				CLANG_WARN_UNGUARDED_AVAILABILITY = YES_AGGRESSIVE;
				CLANG_WARN_UNREACHABLE_CODE = YES;
				CLANG_WARN__DUPLICATE_METHOD_MATCH = YES;
				COPY_PHASE_STRIP = NO;
				DEBUG_INFORMATION_FORMAT = "dwarf-with-dsym";
				ENABLE_NS_ASSERTIONS = NO;
				ENABLE_STRICT_OBJC_MSGSEND = YES;
				ENABLE_USER_SCRIPT_SANDBOXING = YES;
				GCC_C_LANGUAGE_STANDARD = gnu17;
				GCC_NO_COMMON_BLOCKS = YES;
				GCC_WARN_64_TO_32_BIT_CONVERSION = YES;
				GCC_WARN_ABOUT_RETURN_TYPE = YES_ERROR;
				GCC_WARN_UNDECLARED_SELECTOR = YES;
				GCC_WARN_UNINITIALIZED_AUTOS = YES_AGGRESSIVE;
				GCC_WARN_UNUSED_FUNCTION = YES;
				GCC_WARN_UNUSED_VARIABLE = YES;
				IPHONEOS_DEPLOYMENT_TARGET = 18.5;
				LOCALIZATION_PREFERS_STRING_CATALOGS = YES;
				MTL_ENABLE_DEBUG_INFO = NO;
				MTL_FAST_MATH = YES;
				SDKROOT = iphoneos;
				SWIFT_COMPILATION_MODE = wholemodule;
				VALIDATE_PRODUCT = YES;
			};
			name = Release;
		};
		DA3A8F2B2F091CE600D65AC7 /* Debug */ = {
			isa = XCBuildConfiguration;
			buildSettings = {
				BUNDLE_LOADER = "$(TEST_HOST)";
				CODE_SIGN_STYLE = Automatic;
				CURRENT_PROJECT_VERSION = 1;
				GENERATE_INFOPLIST_FILE = YES;
				IPHONEOS_DEPLOYMENT_TARGET = 18.5;
				MARKETING_VERSION = 1.0;
				PRODUCT_BUNDLE_IDENTIFIER = App.FoodHelpTests;
				PRODUCT_NAME = "$(TARGET_NAME)";
				SWIFT_EMIT_LOC_STRINGS = NO;
				SWIFT_VERSION = 5.0;
				TARGETED_DEVICE_FAMILY = "1,2";
				TEST_HOST = "$(BUILT_PRODUCTS_DIR)/FoodHelp.app/$(BUNDLE_EXECUTABLE_FOLDER_PATH)/FoodHelp";
			};
			name = Debug;
		};
		DA3A8F2C2F091CE600D65AC7 /* Release */ = {
			isa = XCBuildConfiguration;
			buildSettings = {
				BUNDLE_LOADER = "$(TEST_HOST)";
				CODE_SIGN_STYLE = Automatic;
				CURRENT_PROJECT_VERSION = 1;
				GENERATE_INFOPLIST_FILE = YES;
				IPHONEOS_DEPLOYMENT_TARGET = 18.5;
				MARKETING_VERSION = 1.0;
				PRODUCT_BUNDLE_IDENTIFIER = App.FoodHelpTests;
				PRODUCT_NAME = "$(TARGET_NAME)";
				SWIFT_EMIT_LOC_STRINGS = NO;
				SWIFT_VERSION = 5.0;
				TARGETED_DEVICE_FAMILY = "1,2";
				TEST_HOST = "$(BUILT_PRODUCTS_DIR)/FoodHelp.app/$(BUNDLE_EXECUTABLE_FOLDER_PATH)/FoodHelp";
			};
			name = Release;
		};
		DA3A8F2E2F091CE600D65AC7 /* Debug */ = {
			isa = XCBuildConfiguration;
			buildSettings = {
				CODE_SIGN_STYLE = Automatic;
				CURRENT_PROJECT_VERSION = 1;
				GENERATE_INFOPLIST_FILE = YES;
				MARKETING_VERSION = 1.0;
				PRODUCT_BUNDLE_IDENTIFIER = App.FoodHelpUITests;
				PRODUCT_NAME = "$(TARGET_NAME)";
				SWIFT_EMIT_LOC_STRINGS = NO;
				SWIFT_VERSION = 5.0;
				TARGETED_DEVICE_FAMILY = "1,2";
				TEST_TARGET_NAME = FoodHelp;
			};
			name = Debug;
		};
		DA3A8F2F2F091CE600D65AC7 /* Release */ = {
			isa = XCBuildConfiguration;
			buildSettings = {
				CODE_SIGN_STYLE = Automatic;
				CURRENT_PROJECT_VERSION = 1;
				GENERATE_INFOPLIST_FILE = YES;
				MARKETING_VERSION = 1.0;
				PRODUCT_BUNDLE_IDENTIFIER = App.FoodHelpUITests;
				PRODUCT_NAME = "$(TARGET_NAME)";
				SWIFT_EMIT_LOC_STRINGS = NO;
				SWIFT_VERSION = 5.0;
				TARGETED_DEVICE_FAMILY = "1,2";
				TEST_TARGET_NAME = FoodHelp;
			};
			name = Release;
		};
/* End XCBuildConfiguration section */

/* Begin XCConfigurationList section */
		DA3A8EF72F091CE500D65AC7 /* Build configuration list for PBXProject "FoodHelp" */ = {
			isa = XCConfigurationList;
			buildConfigurations = (
				DA3A8F282F091CE600D65AC7 /* Debug */,
				DA3A8F292F091CE600D65AC7 /* Release */,
			);
			defaultConfigurationIsVisible = 0;
			defaultConfigurationName = Release;
		};
		DA3A8F252F091CE600D65AC7 /* Build configuration list for PBXNativeTarget "FoodHelp" */ = {
			isa = XCConfigurationList;
			buildConfigurations = (
				DA3A8F262F091CE600D65AC7 /* Debug */,
				DA3A8F272F091CE600D65AC7 /* Release */,
			);
			defaultConfigurationIsVisible = 0;
			defaultConfigurationName = Release;
		};
		DA3A8F2A2F091CE600D65AC7 /* Build configuration list for PBXNativeTarget "FoodHelpTests" */ = {
			isa = XCConfigurationList;
			buildConfigurations = (
				DA3A8F2B2F091CE600D65AC7 /* Debug */,
				DA3A8F2C2F091CE600D65AC7 /* Release */,
			);
			defaultConfigurationIsVisible = 0;
			defaultConfigurationName = Release;
		};
		DA3A8F2D2F091CE600D65AC7 /* Build configuration list for PBXNativeTarget "FoodHelpUITests" */ = {
			isa = XCConfigurationList;
			buildConfigurations = (
				DA3A8F2E2F091CE600D65AC7 /* Debug */,
				DA3A8F2F2F091CE600D65AC7 /* Release */,
			);
			defaultConfigurationIsVisible = 0;
			defaultConfigurationName = Release;
		};
/* End XCConfigurationList section */

/* Begin XCRemoteSwiftPackageReference section */
		DA3A8F302F091E6900D65AC7 /* XCRemoteSwiftPackageReference "firebase-ios-sdk" */ = {
			isa = XCRemoteSwiftPackageReference;
			repositoryURL = "https://github.com/firebase/firebase-ios-sdk";
			requirement = {
				kind = upToNextMajorVersion;
				minimumVersion = 12.7.0;
			};
		};
		DA3A8F612F091F0F00D65AC7 /* XCRemoteSwiftPackageReference "Charts" */ = {
			isa = XCRemoteSwiftPackageReference;
			repositoryURL = "https://github.com/danielgindi/Charts";
			requirement = {
				kind = upToNextMajorVersion;
				minimumVersion = 5.1.0;
			};
		};
/* End XCRemoteSwiftPackageReference section */

/* Begin XCSwiftPackageProductDependency section */
		DA3A8F312F091E6900D65AC7 /* FirebaseAI */ = {
			isa = XCSwiftPackageProductDependency;
			package = DA3A8F302F091E6900D65AC7 /* XCRemoteSwiftPackageReference "firebase-ios-sdk" */;
			productName = FirebaseAI;
		};
		DA3A8F332F091E6900D65AC7 /* FirebaseAILogic */ = {
			isa = XCSwiftPackageProductDependency;
			package = DA3A8F302F091E6900D65AC7 /* XCRemoteSwiftPackageReference "firebase-ios-sdk" */;
			productName = FirebaseAILogic;
		};
		DA3A8F352F091E6900D65AC7 /* FirebaseAnalytics */ = {
			isa = XCSwiftPackageProductDependency;
			package = DA3A8F302F091E6900D65AC7 /* XCRemoteSwiftPackageReference "firebase-ios-sdk" */;
			productName = FirebaseAnalytics;
		};
		DA3A8F372F091E6900D65AC7 /* FirebaseAnalyticsCore */ = {
			isa = XCSwiftPackageProductDependency;
			package = DA3A8F302F091E6900D65AC7 /* XCRemoteSwiftPackageReference "firebase-ios-sdk" */;
			productName = FirebaseAnalyticsCore;
		};
		DA3A8F392F091E6900D65AC7 /* FirebaseAnalyticsIdentitySupport */ = {
			isa = XCSwiftPackageProductDependency;
			package = DA3A8F302F091E6900D65AC7 /* XCRemoteSwiftPackageReference "firebase-ios-sdk" */;
			productName = FirebaseAnalyticsIdentitySupport;
		};
		DA3A8F3B2F091E6900D65AC7 /* FirebaseAppCheck */ = {
			isa = XCSwiftPackageProductDependency;
			package = DA3A8F302F091E6900D65AC7 /* XCRemoteSwiftPackageReference "firebase-ios-sdk" */;
			productName = FirebaseAppCheck;
		};
		DA3A8F3D2F091E6900D65AC7 /* FirebaseAppDistribution-Beta */ = {
			isa = XCSwiftPackageProductDependency;
			package = DA3A8F302F091E6900D65AC7 /* XCRemoteSwiftPackageReference "firebase-ios-sdk" */;
			productName = "FirebaseAppDistribution-Beta";
		};
		DA3A8F3F2F091E6900D65AC7 /* FirebaseAuth */ = {
			isa = XCSwiftPackageProductDependency;
			package = DA3A8F302F091E6900D65AC7 /* XCRemoteSwiftPackageReference "firebase-ios-sdk" */;
			productName = FirebaseAuth;
		};
		DA3A8F412F091E6900D65AC7 /* FirebaseAuthCombine-Community */ = {
			isa = XCSwiftPackageProductDependency;
			package = DA3A8F302F091E6900D65AC7 /* XCRemoteSwiftPackageReference "firebase-ios-sdk" */;
			productName = "FirebaseAuthCombine-Community";
		};
		DA3A8F432F091E6900D65AC7 /* FirebaseCore */ = {
			isa = XCSwiftPackageProductDependency;
			package = DA3A8F302F091E6900D65AC7 /* XCRemoteSwiftPackageReference "firebase-ios-sdk" */;
			productName = FirebaseCore;
		};
		DA3A8F452F091E6900D65AC7 /* FirebaseCrashlytics */ = {
			isa = XCSwiftPackageProductDependency;
			package = DA3A8F302F091E6900D65AC7 /* XCRemoteSwiftPackageReference "firebase-ios-sdk" */;
			productName = FirebaseCrashlytics;
		};
		DA3A8F472F091E6900D65AC7 /* FirebaseDatabase */ = {
			isa = XCSwiftPackageProductDependency;
			package = DA3A8F302F091E6900D65AC7 /* XCRemoteSwiftPackageReference "firebase-ios-sdk" */;
			productName = FirebaseDatabase;
		};
		DA3A8F492F091E6900D65AC7 /* FirebaseFirestore */ = {
			isa = XCSwiftPackageProductDependency;
			package = DA3A8F302F091E6900D65AC7 /* XCRemoteSwiftPackageReference "firebase-ios-sdk" */;
			productName = FirebaseFirestore;
		};
		DA3A8F4B2F091E6900D65AC7 /* FirebaseFirestoreCombine-Community */ = {
			isa = XCSwiftPackageProductDependency;
			package = DA3A8F302F091E6900D65AC7 /* XCRemoteSwiftPackageReference "firebase-ios-sdk" */;
			productName = "FirebaseFirestoreCombine-Community";
		};
		DA3A8F4D2F091E6900D65AC7 /* FirebaseFunctions */ = {
			isa = XCSwiftPackageProductDependency;
			package = DA3A8F302F091E6900D65AC7 /* XCRemoteSwiftPackageReference "firebase-ios-sdk" */;
			productName = FirebaseFunctions;
		};
		DA3A8F4F2F091E6900D65AC7 /* FirebaseFunctionsCombine-Community */ = {
			isa = XCSwiftPackageProductDependency;
			package = DA3A8F302F091E6900D65AC7 /* XCRemoteSwiftPackageReference "firebase-ios-sdk" */;
			productName = "FirebaseFunctionsCombine-Community";
		};
		DA3A8F512F091E6900D65AC7 /* FirebaseInAppMessaging-Beta */ = {
			isa = XCSwiftPackageProductDependency;
			package = DA3A8F302F091E6900D65AC7 /* XCRemoteSwiftPackageReference "firebase-ios-sdk" */;
			productName = "FirebaseInAppMessaging-Beta";
		};
		DA3A8F532F091E6900D65AC7 /* FirebaseInstallations */ = {
			isa = XCSwiftPackageProductDependency;
			package = DA3A8F302F091E6900D65AC7 /* XCRemoteSwiftPackageReference "firebase-ios-sdk" */;
			productName = FirebaseInstallations;
		};
		DA3A8F552F091E6900D65AC7 /* FirebaseMLModelDownloader */ = {
			isa = XCSwiftPackageProductDependency;
			package = DA3A8F302F091E6900D65AC7 /* XCRemoteSwiftPackageReference "firebase-ios-sdk" */;
			productName = FirebaseMLModelDownloader;
		};
		DA3A8F572F091E6900D65AC7 /* FirebaseMessaging */ = {
			isa = XCSwiftPackageProductDependency;
			package = DA3A8F302F091E6900D65AC7 /* XCRemoteSwiftPackageReference "firebase-ios-sdk" */;
			productName = FirebaseMessaging;
		};
		DA3A8F592F091E6900D65AC7 /* FirebasePerformance */ = {
			isa = XCSwiftPackageProductDependency;
			package = DA3A8F302F091E6900D65AC7 /* XCRemoteSwiftPackageReference "firebase-ios-sdk" */;
			productName = FirebasePerformance;
		};
		DA3A8F5B2F091E6900D65AC7 /* FirebaseRemoteConfig */ = {
			isa = XCSwiftPackageProductDependency;
			package = DA3A8F302F091E6900D65AC7 /* XCRemoteSwiftPackageReference "firebase-ios-sdk" */;
			productName = FirebaseRemoteConfig;
		};
		DA3A8F5D2F091E6900D65AC7 /* FirebaseStorage */ = {
			isa = XCSwiftPackageProductDependency;
			package = DA3A8F302F091E6900D65AC7 /* XCRemoteSwiftPackageReference "firebase-ios-sdk" */;
			productName = FirebaseStorage;
		};
		DA3A8F5F2F091E6900D65AC7 /* FirebaseStorageCombine-Community */ = {
			isa = XCSwiftPackageProductDependency;
			package = DA3A8F302F091E6900D65AC7 /* XCRemoteSwiftPackageReference "firebase-ios-sdk" */;
			productName = "FirebaseStorageCombine-Community";
		};
		DA3A8F622F091F0F00D65AC7 /* DGCharts */ = {
			isa = XCSwiftPackageProductDependency;
			package = DA3A8F612F091F0F00D65AC7 /* XCRemoteSwiftPackageReference "Charts" */;
			productName = DGCharts;
		};
/* End XCSwiftPackageProductDependency section */
	};
	rootObject = DA3A8EF42F091CE500D65AC7 /* Project object */;
}
